
Microsoft Visual Studio Solution File, Format Version 12.00
# Visual Studio 14
VisualStudioVersion = 14.0.25420.1
MinimumVisualStudioVersion = 10.0.40219.1
Project("{FAE04EC0-301F-11D3-BF4B-00C04F79EFBC}") = "AutomaticUpdate.Client", "AutomaticUpdate.Client\AutomaticUpdate.Client.csproj", "{0BC4EAC6-4A90-4126-900D-AB5EB691C3FD}"
EndProject
Project("{FAE04EC0-301F-11D3-BF4B-00C04F79EFBC}") = "AutomaticUpdate.Update", "AutomaticUpdate.Update\AutomaticUpdate.Update.csproj", "{1A335105-2DA8-4143-A8CB-66A2C6FC1F00}"
EndProject
Project("{FAE04EC0-301F-11D3-BF4B-00C04F79EFBC}") = "BitChatApp", "BitChatApp\BitChatApp.csproj", "{68ED49DF-C976-4165-9314-EA15C4FAB1A3}"
EndProject
Project("{FAE04EC0-301F-11D3-BF4B-00C04F79EFBC}") = "BitChatAppMono", "BitChatAppMono\BitChatAppMono.csproj", "{D561478D-7EA2-4066-8EC4-D9DF74E1B190}"
EndProject
Project("{FAE04EC0-301F-11D3-BF4B-00C04F79EFBC}") = "BitChatCore", "BitChatCore\BitChatCore.csproj", "{3038B7EA-D974-431F-A6C0-FE7C7E5308A2}"
EndProject
Project("{2150E333-8FDC-42A3-9474-1A3956D46DE8}") = "References", "References", "{3A48DAB9-2590-4514-8BB5-8DFF08B1BF60}"
	ProjectSection(SolutionItems) = preProject
		References\TechnitiumLibrary.IO.dll = References\TechnitiumLibrary.IO.dll
		References\TechnitiumLibrary.Net.BitTorrent.dll = References\TechnitiumLibrary.Net.BitTorrent.dll
		References\TechnitiumLibrary.Net.dll = References\TechnitiumLibrary.Net.dll
		References\TechnitiumLibrary.Net.Firewall.dll = References\TechnitiumLibrary.Net.Firewall.dll
		References\TechnitiumLibrary.Net.UPnP.dll = References\TechnitiumLibrary.Net.UPnP.dll
		References\TechnitiumLibrary.Security.Cryptography.dll = References\TechnitiumLibrary.Security.Cryptography.dll
	EndProjectSection
EndProject
Project("{FAE04EC0-301F-11D3-BF4B-00C04F79EFBC}") = "BitChatAppXamarinForms", "BitChatAppXamarinForms\BitChatAppXamarinForms\BitChatAppXamarinForms.csproj", "{0392F7CF-2760-4E0F-8601-F2B268E63F18}"
EndProject
Project("{FAE04EC0-301F-11D3-BF4B-00C04F79EFBC}") = "BitChatAppXamarinForms.Droid", "BitChatAppXamarinForms\BitChatAppXamarinForms.Droid\BitChatAppXamarinForms.Droid.csproj", "{42286473-D346-45EC-BC01-2EFD435C01E1}"
EndProject
Project("{FAE04EC0-301F-11D3-BF4B-00C04F79EFBC}") = "BitChatAppXamarinForms.iOS", "BitChatAppXamarinForms\BitChatAppXamarinForms.iOS\BitChatAppXamarinForms.iOS.csproj", "{DB57CE01-239B-4E2C-AB9C-D249737624BE}"
EndProject
Project("{FAE04EC0-301F-11D3-BF4B-00C04F79EFBC}") = "BitChatAppXamarinForms.UWP", "BitChatAppXamarinForms\BitChatAppXamarinForms.UWP\BitChatAppXamarinForms.UWP.csproj", "{0DAB7F8E-D3F9-416A-A4F3-D5C87182F97B}"
EndProject
Global
	GlobalSection(SolutionConfigurationPlatforms) = preSolution
		Ad-Hoc|Any CPU = Ad-Hoc|Any CPU
		Ad-Hoc|ARM = Ad-Hoc|ARM
		Ad-Hoc|iPhone = Ad-Hoc|iPhone
		Ad-Hoc|iPhoneSimulator = Ad-Hoc|iPhoneSimulator
		Ad-Hoc|x64 = Ad-Hoc|x64
		Ad-Hoc|x86 = Ad-Hoc|x86
		AppStore|Any CPU = AppStore|Any CPU
		AppStore|ARM = AppStore|ARM
		AppStore|iPhone = AppStore|iPhone
		AppStore|iPhoneSimulator = AppStore|iPhoneSimulator
		AppStore|x64 = AppStore|x64
		AppStore|x86 = AppStore|x86
		Debug|Any CPU = Debug|Any CPU
		Debug|ARM = Debug|ARM
		Debug|iPhone = Debug|iPhone
		Debug|iPhoneSimulator = Debug|iPhoneSimulator
		Debug|x64 = Debug|x64
		Debug|x86 = Debug|x86
		Release|Any CPU = Release|Any CPU
		Release|ARM = Release|ARM
		Release|iPhone = Release|iPhone
		Release|iPhoneSimulator = Release|iPhoneSimulator
		Release|x64 = Release|x64
		Release|x86 = Release|x86
	EndGlobalSection
	GlobalSection(ProjectConfigurationPlatforms) = postSolution
		{0BC4EAC6-4A90-4126-900D-AB5EB691C3FD}.Ad-Hoc|Any CPU.ActiveCfg = Release|Any CPU
		{0BC4EAC6-4A90-4126-900D-AB5EB691C3FD}.Ad-Hoc|Any CPU.Build.0 = Release|Any CPU
		{0BC4EAC6-4A90-4126-900D-AB5EB691C3FD}.Ad-Hoc|ARM.ActiveCfg = Release|Any CPU
		{0BC4EAC6-4A90-4126-900D-AB5EB691C3FD}.Ad-Hoc|ARM.Build.0 = Release|Any CPU
		{0BC4EAC6-4A90-4126-900D-AB5EB691C3FD}.Ad-Hoc|iPhone.ActiveCfg = Release|Any CPU
		{0BC4EAC6-4A90-4126-900D-AB5EB691C3FD}.Ad-Hoc|iPhone.Build.0 = Release|Any CPU
		{0BC4EAC6-4A90-4126-900D-AB5EB691C3FD}.Ad-Hoc|iPhoneSimulator.ActiveCfg = Release|Any CPU
		{0BC4EAC6-4A90-4126-900D-AB5EB691C3FD}.Ad-Hoc|iPhoneSimulator.Build.0 = Release|Any CPU
		{0BC4EAC6-4A90-4126-900D-AB5EB691C3FD}.Ad-Hoc|x64.ActiveCfg = Release|Any CPU
		{0BC4EAC6-4A90-4126-900D-AB5EB691C3FD}.Ad-Hoc|x64.Build.0 = Release|Any CPU
		{0BC4EAC6-4A90-4126-900D-AB5EB691C3FD}.Ad-Hoc|x86.ActiveCfg = Release|Any CPU
		{0BC4EAC6-4A90-4126-900D-AB5EB691C3FD}.Ad-Hoc|x86.Build.0 = Release|Any CPU
		{0BC4EAC6-4A90-4126-900D-AB5EB691C3FD}.AppStore|Any CPU.ActiveCfg = Release|Any CPU
		{0BC4EAC6-4A90-4126-900D-AB5EB691C3FD}.AppStore|Any CPU.Build.0 = Release|Any CPU
		{0BC4EAC6-4A90-4126-900D-AB5EB691C3FD}.AppStore|ARM.ActiveCfg = Release|Any CPU
		{0BC4EAC6-4A90-4126-900D-AB5EB691C3FD}.AppStore|ARM.Build.0 = Release|Any CPU
		{0BC4EAC6-4A90-4126-900D-AB5EB691C3FD}.AppStore|iPhone.ActiveCfg = Release|Any CPU
		{0BC4EAC6-4A90-4126-900D-AB5EB691C3FD}.AppStore|iPhone.Build.0 = Release|Any CPU
		{0BC4EAC6-4A90-4126-900D-AB5EB691C3FD}.AppStore|iPhoneSimulator.ActiveCfg = Release|Any CPU
		{0BC4EAC6-4A90-4126-900D-AB5EB691C3FD}.AppStore|iPhoneSimulator.Build.0 = Release|Any CPU
		{0BC4EAC6-4A90-4126-900D-AB5EB691C3FD}.AppStore|x64.ActiveCfg = Release|Any CPU
		{0BC4EAC6-4A90-4126-900D-AB5EB691C3FD}.AppStore|x64.Build.0 = Release|Any CPU
		{0BC4EAC6-4A90-4126-900D-AB5EB691C3FD}.AppStore|x86.ActiveCfg = Release|Any CPU
		{0BC4EAC6-4A90-4126-900D-AB5EB691C3FD}.AppStore|x86.Build.0 = Release|Any CPU
		{0BC4EAC6-4A90-4126-900D-AB5EB691C3FD}.Debug|Any CPU.ActiveCfg = Debug|Any CPU
		{0BC4EAC6-4A90-4126-900D-AB5EB691C3FD}.Debug|Any CPU.Build.0 = Debug|Any CPU
		{0BC4EAC6-4A90-4126-900D-AB5EB691C3FD}.Debug|ARM.ActiveCfg = Debug|Any CPU
		{0BC4EAC6-4A90-4126-900D-AB5EB691C3FD}.Debug|ARM.Build.0 = Debug|Any CPU
		{0BC4EAC6-4A90-4126-900D-AB5EB691C3FD}.Debug|iPhone.ActiveCfg = Debug|Any CPU
		{0BC4EAC6-4A90-4126-900D-AB5EB691C3FD}.Debug|iPhone.Build.0 = Debug|Any CPU
		{0BC4EAC6-4A90-4126-900D-AB5EB691C3FD}.Debug|iPhoneSimulator.ActiveCfg = Debug|Any CPU
		{0BC4EAC6-4A90-4126-900D-AB5EB691C3FD}.Debug|iPhoneSimulator.Build.0 = Debug|Any CPU
		{0BC4EAC6-4A90-4126-900D-AB5EB691C3FD}.Debug|x64.ActiveCfg = Debug|Any CPU
		{0BC4EAC6-4A90-4126-900D-AB5EB691C3FD}.Debug|x64.Build.0 = Debug|Any CPU
		{0BC4EAC6-4A90-4126-900D-AB5EB691C3FD}.Debug|x86.ActiveCfg = Debug|Any CPU
		{0BC4EAC6-4A90-4126-900D-AB5EB691C3FD}.Debug|x86.Build.0 = Debug|Any CPU
		{0BC4EAC6-4A90-4126-900D-AB5EB691C3FD}.Release|Any CPU.ActiveCfg = Release|Any CPU
		{0BC4EAC6-4A90-4126-900D-AB5EB691C3FD}.Release|Any CPU.Build.0 = Release|Any CPU
		{0BC4EAC6-4A90-4126-900D-AB5EB691C3FD}.Release|ARM.ActiveCfg = Release|Any CPU
		{0BC4EAC6-4A90-4126-900D-AB5EB691C3FD}.Release|ARM.Build.0 = Release|Any CPU
		{0BC4EAC6-4A90-4126-900D-AB5EB691C3FD}.Release|iPhone.ActiveCfg = Release|Any CPU
		{0BC4EAC6-4A90-4126-900D-AB5EB691C3FD}.Release|iPhone.Build.0 = Release|Any CPU
		{0BC4EAC6-4A90-4126-900D-AB5EB691C3FD}.Release|iPhoneSimulator.ActiveCfg = Release|Any CPU
		{0BC4EAC6-4A90-4126-900D-AB5EB691C3FD}.Release|iPhoneSimulator.Build.0 = Release|Any CPU
		{0BC4EAC6-4A90-4126-900D-AB5EB691C3FD}.Release|x64.ActiveCfg = Release|Any CPU
		{0BC4EAC6-4A90-4126-900D-AB5EB691C3FD}.Release|x64.Build.0 = Release|Any CPU
		{0BC4EAC6-4A90-4126-900D-AB5EB691C3FD}.Release|x86.ActiveCfg = Release|Any CPU
		{0BC4EAC6-4A90-4126-900D-AB5EB691C3FD}.Release|x86.Build.0 = Release|Any CPU
		{1A335105-2DA8-4143-A8CB-66A2C6FC1F00}.Ad-Hoc|Any CPU.ActiveCfg = Release|Any CPU
		{1A335105-2DA8-4143-A8CB-66A2C6FC1F00}.Ad-Hoc|Any CPU.Build.0 = Release|Any CPU
		{1A335105-2DA8-4143-A8CB-66A2C6FC1F00}.Ad-Hoc|ARM.ActiveCfg = Release|Any CPU
		{1A335105-2DA8-4143-A8CB-66A2C6FC1F00}.Ad-Hoc|ARM.Build.0 = Release|Any CPU
		{1A335105-2DA8-4143-A8CB-66A2C6FC1F00}.Ad-Hoc|iPhone.ActiveCfg = Release|Any CPU
		{1A335105-2DA8-4143-A8CB-66A2C6FC1F00}.Ad-Hoc|iPhone.Build.0 = Release|Any CPU
		{1A335105-2DA8-4143-A8CB-66A2C6FC1F00}.Ad-Hoc|iPhoneSimulator.ActiveCfg = Release|Any CPU
		{1A335105-2DA8-4143-A8CB-66A2C6FC1F00}.Ad-Hoc|iPhoneSimulator.Build.0 = Release|Any CPU
		{1A335105-2DA8-4143-A8CB-66A2C6FC1F00}.Ad-Hoc|x64.ActiveCfg = Release|Any CPU
		{1A335105-2DA8-4143-A8CB-66A2C6FC1F00}.Ad-Hoc|x64.Build.0 = Release|Any CPU
		{1A335105-2DA8-4143-A8CB-66A2C6FC1F00}.Ad-Hoc|x86.ActiveCfg = Release|Any CPU
		{1A335105-2DA8-4143-A8CB-66A2C6FC1F00}.Ad-Hoc|x86.Build.0 = Release|Any CPU
		{1A335105-2DA8-4143-A8CB-66A2C6FC1F00}.AppStore|Any CPU.ActiveCfg = Release|Any CPU
		{1A335105-2DA8-4143-A8CB-66A2C6FC1F00}.AppStore|Any CPU.Build.0 = Release|Any CPU
		{1A335105-2DA8-4143-A8CB-66A2C6FC1F00}.AppStore|ARM.ActiveCfg = Release|Any CPU
		{1A335105-2DA8-4143-A8CB-66A2C6FC1F00}.AppStore|ARM.Build.0 = Release|Any CPU
		{1A335105-2DA8-4143-A8CB-66A2C6FC1F00}.AppStore|iPhone.ActiveCfg = Release|Any CPU
		{1A335105-2DA8-4143-A8CB-66A2C6FC1F00}.AppStore|iPhone.Build.0 = Release|Any CPU
		{1A335105-2DA8-4143-A8CB-66A2C6FC1F00}.AppStore|iPhoneSimulator.ActiveCfg = Release|Any CPU
		{1A335105-2DA8-4143-A8CB-66A2C6FC1F00}.AppStore|iPhoneSimulator.Build.0 = Release|Any CPU
		{1A335105-2DA8-4143-A8CB-66A2C6FC1F00}.AppStore|x64.ActiveCfg = Release|Any CPU
		{1A335105-2DA8-4143-A8CB-66A2C6FC1F00}.AppStore|x64.Build.0 = Release|Any CPU
		{1A335105-2DA8-4143-A8CB-66A2C6FC1F00}.AppStore|x86.ActiveCfg = Release|Any CPU
		{1A335105-2DA8-4143-A8CB-66A2C6FC1F00}.AppStore|x86.Build.0 = Release|Any CPU
		{1A335105-2DA8-4143-A8CB-66A2C6FC1F00}.Debug|Any CPU.ActiveCfg = Debug|Any CPU
		{1A335105-2DA8-4143-A8CB-66A2C6FC1F00}.Debug|Any CPU.Build.0 = Debug|Any CPU
		{1A335105-2DA8-4143-A8CB-66A2C6FC1F00}.Debug|ARM.ActiveCfg = Debug|Any CPU
		{1A335105-2DA8-4143-A8CB-66A2C6FC1F00}.Debug|ARM.Build.0 = Debug|Any CPU
		{1A335105-2DA8-4143-A8CB-66A2C6FC1F00}.Debug|iPhone.ActiveCfg = Debug|Any CPU
		{1A335105-2DA8-4143-A8CB-66A2C6FC1F00}.Debug|iPhone.Build.0 = Debug|Any CPU
		{1A335105-2DA8-4143-A8CB-66A2C6FC1F00}.Debug|iPhoneSimulator.ActiveCfg = Debug|Any CPU
		{1A335105-2DA8-4143-A8CB-66A2C6FC1F00}.Debug|iPhoneSimulator.Build.0 = Debug|Any CPU
		{1A335105-2DA8-4143-A8CB-66A2C6FC1F00}.Debug|x64.ActiveCfg = Debug|Any CPU
		{1A335105-2DA8-4143-A8CB-66A2C6FC1F00}.Debug|x64.Build.0 = Debug|Any CPU
		{1A335105-2DA8-4143-A8CB-66A2C6FC1F00}.Debug|x86.ActiveCfg = Debug|Any CPU
		{1A335105-2DA8-4143-A8CB-66A2C6FC1F00}.Debug|x86.Build.0 = Debug|Any CPU
		{1A335105-2DA8-4143-A8CB-66A2C6FC1F00}.Release|Any CPU.ActiveCfg = Release|Any CPU
		{1A335105-2DA8-4143-A8CB-66A2C6FC1F00}.Release|Any CPU.Build.0 = Release|Any CPU
		{1A335105-2DA8-4143-A8CB-66A2C6FC1F00}.Release|ARM.ActiveCfg = Release|Any CPU
		{1A335105-2DA8-4143-A8CB-66A2C6FC1F00}.Release|ARM.Build.0 = Release|Any CPU
		{1A335105-2DA8-4143-A8CB-66A2C6FC1F00}.Release|iPhone.ActiveCfg = Release|Any CPU
		{1A335105-2DA8-4143-A8CB-66A2C6FC1F00}.Release|iPhone.Build.0 = Release|Any CPU
		{1A335105-2DA8-4143-A8CB-66A2C6FC1F00}.Release|iPhoneSimulator.ActiveCfg = Release|Any CPU
		{1A335105-2DA8-4143-A8CB-66A2C6FC1F00}.Release|iPhoneSimulator.Build.0 = Release|Any CPU
		{1A335105-2DA8-4143-A8CB-66A2C6FC1F00}.Release|x64.ActiveCfg = Release|Any CPU
		{1A335105-2DA8-4143-A8CB-66A2C6FC1F00}.Release|x64.Build.0 = Release|Any CPU
		{1A335105-2DA8-4143-A8CB-66A2C6FC1F00}.Release|x86.ActiveCfg = Release|Any CPU
		{1A335105-2DA8-4143-A8CB-66A2C6FC1F00}.Release|x86.Build.0 = Release|Any CPU
		{68ED49DF-C976-4165-9314-EA15C4FAB1A3}.Ad-Hoc|Any CPU.ActiveCfg = Release|Any CPU
		{68ED49DF-C976-4165-9314-EA15C4FAB1A3}.Ad-Hoc|Any CPU.Build.0 = Release|Any CPU
		{68ED49DF-C976-4165-9314-EA15C4FAB1A3}.Ad-Hoc|ARM.ActiveCfg = Release|Any CPU
		{68ED49DF-C976-4165-9314-EA15C4FAB1A3}.Ad-Hoc|ARM.Build.0 = Release|Any CPU
		{68ED49DF-C976-4165-9314-EA15C4FAB1A3}.Ad-Hoc|iPhone.ActiveCfg = Release|Any CPU
		{68ED49DF-C976-4165-9314-EA15C4FAB1A3}.Ad-Hoc|iPhone.Build.0 = Release|Any CPU
		{68ED49DF-C976-4165-9314-EA15C4FAB1A3}.Ad-Hoc|iPhoneSimulator.ActiveCfg = Release|Any CPU
		{68ED49DF-C976-4165-9314-EA15C4FAB1A3}.Ad-Hoc|iPhoneSimulator.Build.0 = Release|Any CPU
		{68ED49DF-C976-4165-9314-EA15C4FAB1A3}.Ad-Hoc|x64.ActiveCfg = Release|Any CPU
		{68ED49DF-C976-4165-9314-EA15C4FAB1A3}.Ad-Hoc|x64.Build.0 = Release|Any CPU
		{68ED49DF-C976-4165-9314-EA15C4FAB1A3}.Ad-Hoc|x86.ActiveCfg = Release|Any CPU
		{68ED49DF-C976-4165-9314-EA15C4FAB1A3}.Ad-Hoc|x86.Build.0 = Release|Any CPU
		{68ED49DF-C976-4165-9314-EA15C4FAB1A3}.AppStore|Any CPU.ActiveCfg = Release|Any CPU
		{68ED49DF-C976-4165-9314-EA15C4FAB1A3}.AppStore|Any CPU.Build.0 = Release|Any CPU
		{68ED49DF-C976-4165-9314-EA15C4FAB1A3}.AppStore|ARM.ActiveCfg = Release|Any CPU
		{68ED49DF-C976-4165-9314-EA15C4FAB1A3}.AppStore|ARM.Build.0 = Release|Any CPU
		{68ED49DF-C976-4165-9314-EA15C4FAB1A3}.AppStore|iPhone.ActiveCfg = Release|Any CPU
		{68ED49DF-C976-4165-9314-EA15C4FAB1A3}.AppStore|iPhone.Build.0 = Release|Any CPU
		{68ED49DF-C976-4165-9314-EA15C4FAB1A3}.AppStore|iPhoneSimulator.ActiveCfg = Release|Any CPU
		{68ED49DF-C976-4165-9314-EA15C4FAB1A3}.AppStore|iPhoneSimulator.Build.0 = Release|Any CPU
		{68ED49DF-C976-4165-9314-EA15C4FAB1A3}.AppStore|x64.ActiveCfg = Release|Any CPU
		{68ED49DF-C976-4165-9314-EA15C4FAB1A3}.AppStore|x64.Build.0 = Release|Any CPU
		{68ED49DF-C976-4165-9314-EA15C4FAB1A3}.AppStore|x86.ActiveCfg = Release|Any CPU
		{68ED49DF-C976-4165-9314-EA15C4FAB1A3}.AppStore|x86.Build.0 = Release|Any CPU
		{68ED49DF-C976-4165-9314-EA15C4FAB1A3}.Debug|Any CPU.ActiveCfg = Debug|Any CPU
		{68ED49DF-C976-4165-9314-EA15C4FAB1A3}.Debug|Any CPU.Build.0 = Debug|Any CPU
		{68ED49DF-C976-4165-9314-EA15C4FAB1A3}.Debug|ARM.ActiveCfg = Debug|Any CPU
		{68ED49DF-C976-4165-9314-EA15C4FAB1A3}.Debug|ARM.Build.0 = Debug|Any CPU
		{68ED49DF-C976-4165-9314-EA15C4FAB1A3}.Debug|iPhone.ActiveCfg = Debug|Any CPU
		{68ED49DF-C976-4165-9314-EA15C4FAB1A3}.Debug|iPhone.Build.0 = Debug|Any CPU
		{68ED49DF-C976-4165-9314-EA15C4FAB1A3}.Debug|iPhoneSimulator.ActiveCfg = Debug|Any CPU
		{68ED49DF-C976-4165-9314-EA15C4FAB1A3}.Debug|iPhoneSimulator.Build.0 = Debug|Any CPU
		{68ED49DF-C976-4165-9314-EA15C4FAB1A3}.Debug|x64.ActiveCfg = Debug|Any CPU
		{68ED49DF-C976-4165-9314-EA15C4FAB1A3}.Debug|x64.Build.0 = Debug|Any CPU
		{68ED49DF-C976-4165-9314-EA15C4FAB1A3}.Debug|x86.ActiveCfg = Debug|Any CPU
		{68ED49DF-C976-4165-9314-EA15C4FAB1A3}.Debug|x86.Build.0 = Debug|Any CPU
		{68ED49DF-C976-4165-9314-EA15C4FAB1A3}.Release|Any CPU.ActiveCfg = Release|Any CPU
		{68ED49DF-C976-4165-9314-EA15C4FAB1A3}.Release|Any CPU.Build.0 = Release|Any CPU
		{68ED49DF-C976-4165-9314-EA15C4FAB1A3}.Release|ARM.ActiveCfg = Release|Any CPU
		{68ED49DF-C976-4165-9314-EA15C4FAB1A3}.Release|ARM.Build.0 = Release|Any CPU
		{68ED49DF-C976-4165-9314-EA15C4FAB1A3}.Release|iPhone.ActiveCfg = Release|Any CPU
		{68ED49DF-C976-4165-9314-EA15C4FAB1A3}.Release|iPhone.Build.0 = Release|Any CPU
		{68ED49DF-C976-4165-9314-EA15C4FAB1A3}.Release|iPhoneSimulator.ActiveCfg = Release|Any CPU
		{68ED49DF-C976-4165-9314-EA15C4FAB1A3}.Release|iPhoneSimulator.Build.0 = Release|Any CPU
		{68ED49DF-C976-4165-9314-EA15C4FAB1A3}.Release|x64.ActiveCfg = Release|Any CPU
		{68ED49DF-C976-4165-9314-EA15C4FAB1A3}.Release|x64.Build.0 = Release|Any CPU
		{68ED49DF-C976-4165-9314-EA15C4FAB1A3}.Release|x86.ActiveCfg = Release|Any CPU
		{68ED49DF-C976-4165-9314-EA15C4FAB1A3}.Release|x86.Build.0 = Release|Any CPU
		{D561478D-7EA2-4066-8EC4-D9DF74E1B190}.Ad-Hoc|Any CPU.ActiveCfg = Release|Any CPU
		{D561478D-7EA2-4066-8EC4-D9DF74E1B190}.Ad-Hoc|Any CPU.Build.0 = Release|Any CPU
		{D561478D-7EA2-4066-8EC4-D9DF74E1B190}.Ad-Hoc|ARM.ActiveCfg = Release|Any CPU
		{D561478D-7EA2-4066-8EC4-D9DF74E1B190}.Ad-Hoc|ARM.Build.0 = Release|Any CPU
		{D561478D-7EA2-4066-8EC4-D9DF74E1B190}.Ad-Hoc|iPhone.ActiveCfg = Release|Any CPU
		{D561478D-7EA2-4066-8EC4-D9DF74E1B190}.Ad-Hoc|iPhone.Build.0 = Release|Any CPU
		{D561478D-7EA2-4066-8EC4-D9DF74E1B190}.Ad-Hoc|iPhoneSimulator.ActiveCfg = Release|Any CPU
		{D561478D-7EA2-4066-8EC4-D9DF74E1B190}.Ad-Hoc|iPhoneSimulator.Build.0 = Release|Any CPU
		{D561478D-7EA2-4066-8EC4-D9DF74E1B190}.Ad-Hoc|x64.ActiveCfg = Release|Any CPU
		{D561478D-7EA2-4066-8EC4-D9DF74E1B190}.Ad-Hoc|x64.Build.0 = Release|Any CPU
		{D561478D-7EA2-4066-8EC4-D9DF74E1B190}.Ad-Hoc|x86.ActiveCfg = Release|Any CPU
		{D561478D-7EA2-4066-8EC4-D9DF74E1B190}.Ad-Hoc|x86.Build.0 = Release|Any CPU
		{D561478D-7EA2-4066-8EC4-D9DF74E1B190}.AppStore|Any CPU.ActiveCfg = Release|Any CPU
		{D561478D-7EA2-4066-8EC4-D9DF74E1B190}.AppStore|Any CPU.Build.0 = Release|Any CPU
		{D561478D-7EA2-4066-8EC4-D9DF74E1B190}.AppStore|ARM.ActiveCfg = Release|Any CPU
		{D561478D-7EA2-4066-8EC4-D9DF74E1B190}.AppStore|ARM.Build.0 = Release|Any CPU
		{D561478D-7EA2-4066-8EC4-D9DF74E1B190}.AppStore|iPhone.ActiveCfg = Release|Any CPU
		{D561478D-7EA2-4066-8EC4-D9DF74E1B190}.AppStore|iPhone.Build.0 = Release|Any CPU
		{D561478D-7EA2-4066-8EC4-D9DF74E1B190}.AppStore|iPhoneSimulator.ActiveCfg = Release|Any CPU
		{D561478D-7EA2-4066-8EC4-D9DF74E1B190}.AppStore|iPhoneSimulator.Build.0 = Release|Any CPU
		{D561478D-7EA2-4066-8EC4-D9DF74E1B190}.AppStore|x64.ActiveCfg = Release|Any CPU
		{D561478D-7EA2-4066-8EC4-D9DF74E1B190}.AppStore|x64.Build.0 = Release|Any CPU
		{D561478D-7EA2-4066-8EC4-D9DF74E1B190}.AppStore|x86.ActiveCfg = Release|Any CPU
		{D561478D-7EA2-4066-8EC4-D9DF74E1B190}.AppStore|x86.Build.0 = Release|Any CPU
		{D561478D-7EA2-4066-8EC4-D9DF74E1B190}.Debug|Any CPU.ActiveCfg = Debug|Any CPU
		{D561478D-7EA2-4066-8EC4-D9DF74E1B190}.Debug|Any CPU.Build.0 = Debug|Any CPU
		{D561478D-7EA2-4066-8EC4-D9DF74E1B190}.Debug|ARM.ActiveCfg = Debug|Any CPU
		{D561478D-7EA2-4066-8EC4-D9DF74E1B190}.Debug|ARM.Build.0 = Debug|Any CPU
		{D561478D-7EA2-4066-8EC4-D9DF74E1B190}.Debug|iPhone.ActiveCfg = Debug|Any CPU
		{D561478D-7EA2-4066-8EC4-D9DF74E1B190}.Debug|iPhone.Build.0 = Debug|Any CPU
		{D561478D-7EA2-4066-8EC4-D9DF74E1B190}.Debug|iPhoneSimulator.ActiveCfg = Debug|Any CPU
		{D561478D-7EA2-4066-8EC4-D9DF74E1B190}.Debug|iPhoneSimulator.Build.0 = Debug|Any CPU
		{D561478D-7EA2-4066-8EC4-D9DF74E1B190}.Debug|x64.ActiveCfg = Debug|Any CPU
		{D561478D-7EA2-4066-8EC4-D9DF74E1B190}.Debug|x64.Build.0 = Debug|Any CPU
		{D561478D-7EA2-4066-8EC4-D9DF74E1B190}.Debug|x86.ActiveCfg = Debug|Any CPU
		{D561478D-7EA2-4066-8EC4-D9DF74E1B190}.Debug|x86.Build.0 = Debug|Any CPU
		{D561478D-7EA2-4066-8EC4-D9DF74E1B190}.Release|Any CPU.ActiveCfg = Release|Any CPU
		{D561478D-7EA2-4066-8EC4-D9DF74E1B190}.Release|Any CPU.Build.0 = Release|Any CPU
		{D561478D-7EA2-4066-8EC4-D9DF74E1B190}.Release|ARM.ActiveCfg = Release|Any CPU
		{D561478D-7EA2-4066-8EC4-D9DF74E1B190}.Release|ARM.Build.0 = Release|Any CPU
		{D561478D-7EA2-4066-8EC4-D9DF74E1B190}.Release|iPhone.ActiveCfg = Release|Any CPU
		{D561478D-7EA2-4066-8EC4-D9DF74E1B190}.Release|iPhone.Build.0 = Release|Any CPU
		{D561478D-7EA2-4066-8EC4-D9DF74E1B190}.Release|iPhoneSimulator.ActiveCfg = Release|Any CPU
		{D561478D-7EA2-4066-8EC4-D9DF74E1B190}.Release|iPhoneSimulator.Build.0 = Release|Any CPU
		{D561478D-7EA2-4066-8EC4-D9DF74E1B190}.Release|x64.ActiveCfg = Release|Any CPU
		{D561478D-7EA2-4066-8EC4-D9DF74E1B190}.Release|x64.Build.0 = Release|Any CPU
		{D561478D-7EA2-4066-8EC4-D9DF74E1B190}.Release|x86.ActiveCfg = Release|Any CPU
		{D561478D-7EA2-4066-8EC4-D9DF74E1B190}.Release|x86.Build.0 = Release|Any CPU
		{3038B7EA-D974-431F-A6C0-FE7C7E5308A2}.Ad-Hoc|Any CPU.ActiveCfg = Release|Any CPU
		{3038B7EA-D974-431F-A6C0-FE7C7E5308A2}.Ad-Hoc|Any CPU.Build.0 = Release|Any CPU
		{3038B7EA-D974-431F-A6C0-FE7C7E5308A2}.Ad-Hoc|ARM.ActiveCfg = Release|Any CPU
		{3038B7EA-D974-431F-A6C0-FE7C7E5308A2}.Ad-Hoc|ARM.Build.0 = Release|Any CPU
		{3038B7EA-D974-431F-A6C0-FE7C7E5308A2}.Ad-Hoc|iPhone.ActiveCfg = Release|Any CPU
		{3038B7EA-D974-431F-A6C0-FE7C7E5308A2}.Ad-Hoc|iPhone.Build.0 = Release|Any CPU
		{3038B7EA-D974-431F-A6C0-FE7C7E5308A2}.Ad-Hoc|iPhoneSimulator.ActiveCfg = Release|Any CPU
		{3038B7EA-D974-431F-A6C0-FE7C7E5308A2}.Ad-Hoc|iPhoneSimulator.Build.0 = Release|Any CPU
		{3038B7EA-D974-431F-A6C0-FE7C7E5308A2}.Ad-Hoc|x64.ActiveCfg = Release|Any CPU
		{3038B7EA-D974-431F-A6C0-FE7C7E5308A2}.Ad-Hoc|x64.Build.0 = Release|Any CPU
		{3038B7EA-D974-431F-A6C0-FE7C7E5308A2}.Ad-Hoc|x86.ActiveCfg = Release|Any CPU
		{3038B7EA-D974-431F-A6C0-FE7C7E5308A2}.Ad-Hoc|x86.Build.0 = Release|Any CPU
		{3038B7EA-D974-431F-A6C0-FE7C7E5308A2}.AppStore|Any CPU.ActiveCfg = Release|Any CPU
		{3038B7EA-D974-431F-A6C0-FE7C7E5308A2}.AppStore|Any CPU.Build.0 = Release|Any CPU
		{3038B7EA-D974-431F-A6C0-FE7C7E5308A2}.AppStore|ARM.ActiveCfg = Release|Any CPU
		{3038B7EA-D974-431F-A6C0-FE7C7E5308A2}.AppStore|ARM.Build.0 = Release|Any CPU
		{3038B7EA-D974-431F-A6C0-FE7C7E5308A2}.AppStore|iPhone.ActiveCfg = Release|Any CPU
		{3038B7EA-D974-431F-A6C0-FE7C7E5308A2}.AppStore|iPhone.Build.0 = Release|Any CPU
		{3038B7EA-D974-431F-A6C0-FE7C7E5308A2}.AppStore|iPhoneSimulator.ActiveCfg = Release|Any CPU
		{3038B7EA-D974-431F-A6C0-FE7C7E5308A2}.AppStore|iPhoneSimulator.Build.0 = Release|Any CPU
		{3038B7EA-D974-431F-A6C0-FE7C7E5308A2}.AppStore|x64.ActiveCfg = Release|Any CPU
		{3038B7EA-D974-431F-A6C0-FE7C7E5308A2}.AppStore|x64.Build.0 = Release|Any CPU
		{3038B7EA-D974-431F-A6C0-FE7C7E5308A2}.AppStore|x86.ActiveCfg = Release|Any CPU
		{3038B7EA-D974-431F-A6C0-FE7C7E5308A2}.AppStore|x86.Build.0 = Release|Any CPU
		{3038B7EA-D974-431F-A6C0-FE7C7E5308A2}.Debug|Any CPU.ActiveCfg = Debug|Any CPU
		{3038B7EA-D974-431F-A6C0-FE7C7E5308A2}.Debug|Any CPU.Build.0 = Debug|Any CPU
		{3038B7EA-D974-431F-A6C0-FE7C7E5308A2}.Debug|ARM.ActiveCfg = Debug|Any CPU
		{3038B7EA-D974-431F-A6C0-FE7C7E5308A2}.Debug|ARM.Build.0 = Debug|Any CPU
		{3038B7EA-D974-431F-A6C0-FE7C7E5308A2}.Debug|iPhone.ActiveCfg = Debug|Any CPU
		{3038B7EA-D974-431F-A6C0-FE7C7E5308A2}.Debug|iPhone.Build.0 = Debug|Any CPU
		{3038B7EA-D974-431F-A6C0-FE7C7E5308A2}.Debug|iPhoneSimulator.ActiveCfg = Debug|Any CPU
		{3038B7EA-D974-431F-A6C0-FE7C7E5308A2}.Debug|iPhoneSimulator.Build.0 = Debug|Any CPU
		{3038B7EA-D974-431F-A6C0-FE7C7E5308A2}.Debug|x64.ActiveCfg = Debug|Any CPU
		{3038B7EA-D974-431F-A6C0-FE7C7E5308A2}.Debug|x64.Build.0 = Debug|Any CPU
		{3038B7EA-D974-431F-A6C0-FE7C7E5308A2}.Debug|x86.ActiveCfg = Debug|Any CPU
		{3038B7EA-D974-431F-A6C0-FE7C7E5308A2}.Debug|x86.Build.0 = Debug|Any CPU
		{3038B7EA-D974-431F-A6C0-FE7C7E5308A2}.Release|Any CPU.ActiveCfg = Release|Any CPU
		{3038B7EA-D974-431F-A6C0-FE7C7E5308A2}.Release|Any CPU.Build.0 = Release|Any CPU
		{3038B7EA-D974-431F-A6C0-FE7C7E5308A2}.Release|ARM.ActiveCfg = Release|Any CPU
		{3038B7EA-D974-431F-A6C0-FE7C7E5308A2}.Release|ARM.Build.0 = Release|Any CPU
		{3038B7EA-D974-431F-A6C0-FE7C7E5308A2}.Release|iPhone.ActiveCfg = Release|Any CPU
		{3038B7EA-D974-431F-A6C0-FE7C7E5308A2}.Release|iPhone.Build.0 = Release|Any CPU
		{3038B7EA-D974-431F-A6C0-FE7C7E5308A2}.Release|iPhoneSimulator.ActiveCfg = Release|Any CPU
		{3038B7EA-D974-431F-A6C0-FE7C7E5308A2}.Release|iPhoneSimulator.Build.0 = Release|Any CPU
		{3038B7EA-D974-431F-A6C0-FE7C7E5308A2}.Release|x64.ActiveCfg = Release|Any CPU
		{3038B7EA-D974-431F-A6C0-FE7C7E5308A2}.Release|x64.Build.0 = Release|Any CPU
		{3038B7EA-D974-431F-A6C0-FE7C7E5308A2}.Release|x86.ActiveCfg = Release|Any CPU
		{3038B7EA-D974-431F-A6C0-FE7C7E5308A2}.Release|x86.Build.0 = Release|Any CPU
		{0392F7CF-2760-4E0F-8601-F2B268E63F18}.Ad-Hoc|Any CPU.ActiveCfg = Release|Any CPU
		{0392F7CF-2760-4E0F-8601-F2B268E63F18}.Ad-Hoc|Any CPU.Build.0 = Release|Any CPU
		{0392F7CF-2760-4E0F-8601-F2B268E63F18}.Ad-Hoc|ARM.ActiveCfg = Release|Any CPU
		{0392F7CF-2760-4E0F-8601-F2B268E63F18}.Ad-Hoc|ARM.Build.0 = Release|Any CPU
		{0392F7CF-2760-4E0F-8601-F2B268E63F18}.Ad-Hoc|iPhone.ActiveCfg = Release|Any CPU
		{0392F7CF-2760-4E0F-8601-F2B268E63F18}.Ad-Hoc|iPhone.Build.0 = Release|Any CPU
		{0392F7CF-2760-4E0F-8601-F2B268E63F18}.Ad-Hoc|iPhoneSimulator.ActiveCfg = Release|Any CPU
		{0392F7CF-2760-4E0F-8601-F2B268E63F18}.Ad-Hoc|iPhoneSimulator.Build.0 = Release|Any CPU
		{0392F7CF-2760-4E0F-8601-F2B268E63F18}.Ad-Hoc|x64.ActiveCfg = Release|Any CPU
		{0392F7CF-2760-4E0F-8601-F2B268E63F18}.Ad-Hoc|x64.Build.0 = Release|Any CPU
		{0392F7CF-2760-4E0F-8601-F2B268E63F18}.Ad-Hoc|x86.ActiveCfg = Release|Any CPU
		{0392F7CF-2760-4E0F-8601-F2B268E63F18}.Ad-Hoc|x86.Build.0 = Release|Any CPU
		{0392F7CF-2760-4E0F-8601-F2B268E63F18}.AppStore|Any CPU.ActiveCfg = Release|Any CPU
		{0392F7CF-2760-4E0F-8601-F2B268E63F18}.AppStore|Any CPU.Build.0 = Release|Any CPU
		{0392F7CF-2760-4E0F-8601-F2B268E63F18}.AppStore|ARM.ActiveCfg = Release|Any CPU
		{0392F7CF-2760-4E0F-8601-F2B268E63F18}.AppStore|ARM.Build.0 = Release|Any CPU
		{0392F7CF-2760-4E0F-8601-F2B268E63F18}.AppStore|iPhone.ActiveCfg = Release|Any CPU
		{0392F7CF-2760-4E0F-8601-F2B268E63F18}.AppStore|iPhone.Build.0 = Release|Any CPU
		{0392F7CF-2760-4E0F-8601-F2B268E63F18}.AppStore|iPhoneSimulator.ActiveCfg = Release|Any CPU
		{0392F7CF-2760-4E0F-8601-F2B268E63F18}.AppStore|iPhoneSimulator.Build.0 = Release|Any CPU
		{0392F7CF-2760-4E0F-8601-F2B268E63F18}.AppStore|x64.ActiveCfg = Release|Any CPU
		{0392F7CF-2760-4E0F-8601-F2B268E63F18}.AppStore|x64.Build.0 = Release|Any CPU
		{0392F7CF-2760-4E0F-8601-F2B268E63F18}.AppStore|x86.ActiveCfg = Release|Any CPU
		{0392F7CF-2760-4E0F-8601-F2B268E63F18}.AppStore|x86.Build.0 = Release|Any CPU
		{0392F7CF-2760-4E0F-8601-F2B268E63F18}.Debug|Any CPU.ActiveCfg = Debug|Any CPU
		{0392F7CF-2760-4E0F-8601-F2B268E63F18}.Debug|Any CPU.Build.0 = Debug|Any CPU
		{0392F7CF-2760-4E0F-8601-F2B268E63F18}.Debug|ARM.ActiveCfg = Debug|Any CPU
		{0392F7CF-2760-4E0F-8601-F2B268E63F18}.Debug|ARM.Build.0 = Debug|Any CPU
		{0392F7CF-2760-4E0F-8601-F2B268E63F18}.Debug|iPhone.ActiveCfg = Debug|Any CPU
		{0392F7CF-2760-4E0F-8601-F2B268E63F18}.Debug|iPhone.Build.0 = Debug|Any CPU
		{0392F7CF-2760-4E0F-8601-F2B268E63F18}.Debug|iPhoneSimulator.ActiveCfg = Debug|Any CPU
		{0392F7CF-2760-4E0F-8601-F2B268E63F18}.Debug|iPhoneSimulator.Build.0 = Debug|Any CPU
		{0392F7CF-2760-4E0F-8601-F2B268E63F18}.Debug|x64.ActiveCfg = Debug|Any CPU
		{0392F7CF-2760-4E0F-8601-F2B268E63F18}.Debug|x64.Build.0 = Debug|Any CPU
		{0392F7CF-2760-4E0F-8601-F2B268E63F18}.Debug|x86.ActiveCfg = Debug|Any CPU
		{0392F7CF-2760-4E0F-8601-F2B268E63F18}.Debug|x86.Build.0 = Debug|Any CPU
		{0392F7CF-2760-4E0F-8601-F2B268E63F18}.Release|Any CPU.ActiveCfg = Release|Any CPU
		{0392F7CF-2760-4E0F-8601-F2B268E63F18}.Release|Any CPU.Build.0 = Release|Any CPU
		{0392F7CF-2760-4E0F-8601-F2B268E63F18}.Release|ARM.ActiveCfg = Release|Any CPU
		{0392F7CF-2760-4E0F-8601-F2B268E63F18}.Release|ARM.Build.0 = Release|Any CPU
		{0392F7CF-2760-4E0F-8601-F2B268E63F18}.Release|iPhone.ActiveCfg = Release|Any CPU
		{0392F7CF-2760-4E0F-8601-F2B268E63F18}.Release|iPhone.Build.0 = Release|Any CPU
		{0392F7CF-2760-4E0F-8601-F2B268E63F18}.Release|iPhoneSimulator.ActiveCfg = Release|Any CPU
		{0392F7CF-2760-4E0F-8601-F2B268E63F18}.Release|iPhoneSimulator.Build.0 = Release|Any CPU
		{0392F7CF-2760-4E0F-8601-F2B268E63F18}.Release|x64.ActiveCfg = Release|Any CPU
		{0392F7CF-2760-4E0F-8601-F2B268E63F18}.Release|x64.Build.0 = Release|Any CPU
		{0392F7CF-2760-4E0F-8601-F2B268E63F18}.Release|x86.ActiveCfg = Release|Any CPU
		{0392F7CF-2760-4E0F-8601-F2B268E63F18}.Release|x86.Build.0 = Release|Any CPU
		{42286473-D346-45EC-BC01-2EFD435C01E1}.Ad-Hoc|Any CPU.ActiveCfg = Release|Any CPU
		{42286473-D346-45EC-BC01-2EFD435C01E1}.Ad-Hoc|Any CPU.Build.0 = Release|Any CPU
		{42286473-D346-45EC-BC01-2EFD435C01E1}.Ad-Hoc|Any CPU.Deploy.0 = Release|Any CPU
		{42286473-D346-45EC-BC01-2EFD435C01E1}.Ad-Hoc|ARM.ActiveCfg = Release|Any CPU
		{42286473-D346-45EC-BC01-2EFD435C01E1}.Ad-Hoc|ARM.Build.0 = Release|Any CPU
		{42286473-D346-45EC-BC01-2EFD435C01E1}.Ad-Hoc|ARM.Deploy.0 = Release|Any CPU
		{42286473-D346-45EC-BC01-2EFD435C01E1}.Ad-Hoc|iPhone.ActiveCfg = Release|Any CPU
		{42286473-D346-45EC-BC01-2EFD435C01E1}.Ad-Hoc|iPhone.Build.0 = Release|Any CPU
		{42286473-D346-45EC-BC01-2EFD435C01E1}.Ad-Hoc|iPhone.Deploy.0 = Release|Any CPU
		{42286473-D346-45EC-BC01-2EFD435C01E1}.Ad-Hoc|iPhoneSimulator.ActiveCfg = Release|Any CPU
		{42286473-D346-45EC-BC01-2EFD435C01E1}.Ad-Hoc|iPhoneSimulator.Build.0 = Release|Any CPU
		{42286473-D346-45EC-BC01-2EFD435C01E1}.Ad-Hoc|iPhoneSimulator.Deploy.0 = Release|Any CPU
		{42286473-D346-45EC-BC01-2EFD435C01E1}.Ad-Hoc|x64.ActiveCfg = Release|Any CPU
		{42286473-D346-45EC-BC01-2EFD435C01E1}.Ad-Hoc|x64.Build.0 = Release|Any CPU
		{42286473-D346-45EC-BC01-2EFD435C01E1}.Ad-Hoc|x64.Deploy.0 = Release|Any CPU
		{42286473-D346-45EC-BC01-2EFD435C01E1}.Ad-Hoc|x86.ActiveCfg = Release|Any CPU
		{42286473-D346-45EC-BC01-2EFD435C01E1}.Ad-Hoc|x86.Build.0 = Release|Any CPU
		{42286473-D346-45EC-BC01-2EFD435C01E1}.Ad-Hoc|x86.Deploy.0 = Release|Any CPU
		{42286473-D346-45EC-BC01-2EFD435C01E1}.AppStore|Any CPU.ActiveCfg = Release|Any CPU
		{42286473-D346-45EC-BC01-2EFD435C01E1}.AppStore|Any CPU.Build.0 = Release|Any CPU
		{42286473-D346-45EC-BC01-2EFD435C01E1}.AppStore|Any CPU.Deploy.0 = Release|Any CPU
		{42286473-D346-45EC-BC01-2EFD435C01E1}.AppStore|ARM.ActiveCfg = Release|Any CPU
		{42286473-D346-45EC-BC01-2EFD435C01E1}.AppStore|ARM.Build.0 = Release|Any CPU
		{42286473-D346-45EC-BC01-2EFD435C01E1}.AppStore|ARM.Deploy.0 = Release|Any CPU
		{42286473-D346-45EC-BC01-2EFD435C01E1}.AppStore|iPhone.ActiveCfg = Release|Any CPU
		{42286473-D346-45EC-BC01-2EFD435C01E1}.AppStore|iPhone.Build.0 = Release|Any CPU
		{42286473-D346-45EC-BC01-2EFD435C01E1}.AppStore|iPhone.Deploy.0 = Release|Any CPU
		{42286473-D346-45EC-BC01-2EFD435C01E1}.AppStore|iPhoneSimulator.ActiveCfg = Release|Any CPU
		{42286473-D346-45EC-BC01-2EFD435C01E1}.AppStore|iPhoneSimulator.Build.0 = Release|Any CPU
		{42286473-D346-45EC-BC01-2EFD435C01E1}.AppStore|iPhoneSimulator.Deploy.0 = Release|Any CPU
		{42286473-D346-45EC-BC01-2EFD435C01E1}.AppStore|x64.ActiveCfg = Release|Any CPU
		{42286473-D346-45EC-BC01-2EFD435C01E1}.AppStore|x64.Build.0 = Release|Any CPU
		{42286473-D346-45EC-BC01-2EFD435C01E1}.AppStore|x64.Deploy.0 = Release|Any CPU
		{42286473-D346-45EC-BC01-2EFD435C01E1}.AppStore|x86.ActiveCfg = Release|Any CPU
		{42286473-D346-45EC-BC01-2EFD435C01E1}.AppStore|x86.Build.0 = Release|Any CPU
		{42286473-D346-45EC-BC01-2EFD435C01E1}.AppStore|x86.Deploy.0 = Release|Any CPU
		{42286473-D346-45EC-BC01-2EFD435C01E1}.Debug|Any CPU.ActiveCfg = Debug|Any CPU
		{42286473-D346-45EC-BC01-2EFD435C01E1}.Debug|Any CPU.Build.0 = Debug|Any CPU
		{42286473-D346-45EC-BC01-2EFD435C01E1}.Debug|Any CPU.Deploy.0 = Debug|Any CPU
		{42286473-D346-45EC-BC01-2EFD435C01E1}.Debug|ARM.ActiveCfg = Debug|Any CPU
		{42286473-D346-45EC-BC01-2EFD435C01E1}.Debug|ARM.Build.0 = Debug|Any CPU
		{42286473-D346-45EC-BC01-2EFD435C01E1}.Debug|ARM.Deploy.0 = Debug|Any CPU
		{42286473-D346-45EC-BC01-2EFD435C01E1}.Debug|iPhone.ActiveCfg = Debug|Any CPU
		{42286473-D346-45EC-BC01-2EFD435C01E1}.Debug|iPhone.Build.0 = Debug|Any CPU
		{42286473-D346-45EC-BC01-2EFD435C01E1}.Debug|iPhone.Deploy.0 = Debug|Any CPU
		{42286473-D346-45EC-BC01-2EFD435C01E1}.Debug|iPhoneSimulator.ActiveCfg = Debug|Any CPU
		{42286473-D346-45EC-BC01-2EFD435C01E1}.Debug|iPhoneSimulator.Build.0 = Debug|Any CPU
		{42286473-D346-45EC-BC01-2EFD435C01E1}.Debug|iPhoneSimulator.Deploy.0 = Debug|Any CPU
		{42286473-D346-45EC-BC01-2EFD435C01E1}.Debug|x64.ActiveCfg = Debug|Any CPU
		{42286473-D346-45EC-BC01-2EFD435C01E1}.Debug|x64.Build.0 = Debug|Any CPU
		{42286473-D346-45EC-BC01-2EFD435C01E1}.Debug|x64.Deploy.0 = Debug|Any CPU
		{42286473-D346-45EC-BC01-2EFD435C01E1}.Debug|x86.ActiveCfg = Debug|Any CPU
		{42286473-D346-45EC-BC01-2EFD435C01E1}.Debug|x86.Build.0 = Debug|Any CPU
		{42286473-D346-45EC-BC01-2EFD435C01E1}.Debug|x86.Deploy.0 = Debug|Any CPU
		{42286473-D346-45EC-BC01-2EFD435C01E1}.Release|Any CPU.ActiveCfg = Release|Any CPU
		{42286473-D346-45EC-BC01-2EFD435C01E1}.Release|Any CPU.Build.0 = Release|Any CPU
		{42286473-D346-45EC-BC01-2EFD435C01E1}.Release|Any CPU.Deploy.0 = Release|Any CPU
		{42286473-D346-45EC-BC01-2EFD435C01E1}.Release|ARM.ActiveCfg = Release|Any CPU
		{42286473-D346-45EC-BC01-2EFD435C01E1}.Release|ARM.Build.0 = Release|Any CPU
		{42286473-D346-45EC-BC01-2EFD435C01E1}.Release|ARM.Deploy.0 = Release|Any CPU
		{42286473-D346-45EC-BC01-2EFD435C01E1}.Release|iPhone.ActiveCfg = Release|Any CPU
		{42286473-D346-45EC-BC01-2EFD435C01E1}.Release|iPhone.Build.0 = Release|Any CPU
		{42286473-D346-45EC-BC01-2EFD435C01E1}.Release|iPhone.Deploy.0 = Release|Any CPU
		{42286473-D346-45EC-BC01-2EFD435C01E1}.Release|iPhoneSimulator.ActiveCfg = Release|Any CPU
		{42286473-D346-45EC-BC01-2EFD435C01E1}.Release|iPhoneSimulator.Build.0 = Release|Any CPU
		{42286473-D346-45EC-BC01-2EFD435C01E1}.Release|iPhoneSimulator.Deploy.0 = Release|Any CPU
		{42286473-D346-45EC-BC01-2EFD435C01E1}.Release|x64.ActiveCfg = Release|Any CPU
		{42286473-D346-45EC-BC01-2EFD435C01E1}.Release|x64.Build.0 = Release|Any CPU
		{42286473-D346-45EC-BC01-2EFD435C01E1}.Release|x64.Deploy.0 = Release|Any CPU
		{42286473-D346-45EC-BC01-2EFD435C01E1}.Release|x86.ActiveCfg = Release|Any CPU
		{42286473-D346-45EC-BC01-2EFD435C01E1}.Release|x86.Build.0 = Release|Any CPU
		{42286473-D346-45EC-BC01-2EFD435C01E1}.Release|x86.Deploy.0 = Release|Any CPU
		{DB57CE01-239B-4E2C-AB9C-D249737624BE}.Ad-Hoc|Any CPU.ActiveCfg = Ad-Hoc|iPhone
		{DB57CE01-239B-4E2C-AB9C-D249737624BE}.Ad-Hoc|ARM.ActiveCfg = Ad-Hoc|iPhone
		{DB57CE01-239B-4E2C-AB9C-D249737624BE}.Ad-Hoc|iPhone.ActiveCfg = Ad-Hoc|iPhone
		{DB57CE01-239B-4E2C-AB9C-D249737624BE}.Ad-Hoc|iPhone.Build.0 = Ad-Hoc|iPhone
		{DB57CE01-239B-4E2C-AB9C-D249737624BE}.Ad-Hoc|iPhoneSimulator.ActiveCfg = Ad-Hoc|iPhoneSimulator
		{DB57CE01-239B-4E2C-AB9C-D249737624BE}.Ad-Hoc|iPhoneSimulator.Build.0 = Ad-Hoc|iPhoneSimulator
		{DB57CE01-239B-4E2C-AB9C-D249737624BE}.Ad-Hoc|x64.ActiveCfg = Ad-Hoc|iPhone
		{DB57CE01-239B-4E2C-AB9C-D249737624BE}.Ad-Hoc|x86.ActiveCfg = Ad-Hoc|iPhone
		{DB57CE01-239B-4E2C-AB9C-D249737624BE}.AppStore|Any CPU.ActiveCfg = AppStore|iPhone
		{DB57CE01-239B-4E2C-AB9C-D249737624BE}.AppStore|ARM.ActiveCfg = AppStore|iPhone
		{DB57CE01-239B-4E2C-AB9C-D249737624BE}.AppStore|iPhone.ActiveCfg = AppStore|iPhone
		{DB57CE01-239B-4E2C-AB9C-D249737624BE}.AppStore|iPhone.Build.0 = AppStore|iPhone
		{DB57CE01-239B-4E2C-AB9C-D249737624BE}.AppStore|iPhoneSimulator.ActiveCfg = AppStore|iPhoneSimulator
		{DB57CE01-239B-4E2C-AB9C-D249737624BE}.AppStore|iPhoneSimulator.Build.0 = AppStore|iPhoneSimulator
		{DB57CE01-239B-4E2C-AB9C-D249737624BE}.AppStore|x64.ActiveCfg = AppStore|iPhone
		{DB57CE01-239B-4E2C-AB9C-D249737624BE}.AppStore|x86.ActiveCfg = AppStore|iPhone
		{DB57CE01-239B-4E2C-AB9C-D249737624BE}.Debug|Any CPU.ActiveCfg = Debug|iPhone
		{DB57CE01-239B-4E2C-AB9C-D249737624BE}.Debug|ARM.ActiveCfg = Debug|iPhone
		{DB57CE01-239B-4E2C-AB9C-D249737624BE}.Debug|iPhone.ActiveCfg = Debug|iPhone
		{DB57CE01-239B-4E2C-AB9C-D249737624BE}.Debug|iPhone.Build.0 = Debug|iPhone
		{DB57CE01-239B-4E2C-AB9C-D249737624BE}.Debug|iPhoneSimulator.ActiveCfg = Debug|iPhoneSimulator
		{DB57CE01-239B-4E2C-AB9C-D249737624BE}.Debug|iPhoneSimulator.Build.0 = Debug|iPhoneSimulator
		{DB57CE01-239B-4E2C-AB9C-D249737624BE}.Debug|x64.ActiveCfg = Debug|iPhone
		{DB57CE01-239B-4E2C-AB9C-D249737624BE}.Debug|x86.ActiveCfg = Debug|iPhone
		{DB57CE01-239B-4E2C-AB9C-D249737624BE}.Release|Any CPU.ActiveCfg = Release|iPhone
		{DB57CE01-239B-4E2C-AB9C-D249737624BE}.Release|ARM.ActiveCfg = Release|iPhone
		{DB57CE01-239B-4E2C-AB9C-D249737624BE}.Release|iPhone.ActiveCfg = Release|iPhone
		{DB57CE01-239B-4E2C-AB9C-D249737624BE}.Release|iPhone.Build.0 = Release|iPhone
		{DB57CE01-239B-4E2C-AB9C-D249737624BE}.Release|iPhoneSimulator.ActiveCfg = Release|iPhoneSimulator
		{DB57CE01-239B-4E2C-AB9C-D249737624BE}.Release|iPhoneSimulator.Build.0 = Release|iPhoneSimulator
		{DB57CE01-239B-4E2C-AB9C-D249737624BE}.Release|x64.ActiveCfg = Release|iPhone
		{DB57CE01-239B-4E2C-AB9C-D249737624BE}.Release|x86.ActiveCfg = Release|iPhone
		{0DAB7F8E-D3F9-416A-A4F3-D5C87182F97B}.Ad-Hoc|Any CPU.ActiveCfg = Release|x86
		{0DAB7F8E-D3F9-416A-A4F3-D5C87182F97B}.Ad-Hoc|Any CPU.Build.0 = Release|x86
		{0DAB7F8E-D3F9-416A-A4F3-D5C87182F97B}.Ad-Hoc|Any CPU.Deploy.0 = Release|x86
		{0DAB7F8E-D3F9-416A-A4F3-D5C87182F97B}.Ad-Hoc|ARM.ActiveCfg = Release|ARM
		{0DAB7F8E-D3F9-416A-A4F3-D5C87182F97B}.Ad-Hoc|ARM.Build.0 = Release|ARM
		{0DAB7F8E-D3F9-416A-A4F3-D5C87182F97B}.Ad-Hoc|ARM.Deploy.0 = Release|ARM
		{0DAB7F8E-D3F9-416A-A4F3-D5C87182F97B}.Ad-Hoc|iPhone.ActiveCfg = Release|x86
		{0DAB7F8E-D3F9-416A-A4F3-D5C87182F97B}.Ad-Hoc|iPhone.Build.0 = Release|x86
		{0DAB7F8E-D3F9-416A-A4F3-D5C87182F97B}.Ad-Hoc|iPhone.Deploy.0 = Release|x86
		{0DAB7F8E-D3F9-416A-A4F3-D5C87182F97B}.Ad-Hoc|iPhoneSimulator.ActiveCfg = Release|x86
		{0DAB7F8E-D3F9-416A-A4F3-D5C87182F97B}.Ad-Hoc|iPhoneSimulator.Build.0 = Release|x86
		{0DAB7F8E-D3F9-416A-A4F3-D5C87182F97B}.Ad-Hoc|iPhoneSimulator.Deploy.0 = Release|x86
		{0DAB7F8E-D3F9-416A-A4F3-D5C87182F97B}.Ad-Hoc|x64.ActiveCfg = Release|x64
		{0DAB7F8E-D3F9-416A-A4F3-D5C87182F97B}.Ad-Hoc|x64.Build.0 = Release|x64
		{0DAB7F8E-D3F9-416A-A4F3-D5C87182F97B}.Ad-Hoc|x64.Deploy.0 = Release|x64
		{0DAB7F8E-D3F9-416A-A4F3-D5C87182F97B}.Ad-Hoc|x86.ActiveCfg = Release|x86
		{0DAB7F8E-D3F9-416A-A4F3-D5C87182F97B}.Ad-Hoc|x86.Build.0 = Release|x86
		{0DAB7F8E-D3F9-416A-A4F3-D5C87182F97B}.Ad-Hoc|x86.Deploy.0 = Release|x86
		{0DAB7F8E-D3F9-416A-A4F3-D5C87182F97B}.AppStore|Any CPU.ActiveCfg = Release|x86
		{0DAB7F8E-D3F9-416A-A4F3-D5C87182F97B}.AppStore|Any CPU.Build.0 = Release|x86
		{0DAB7F8E-D3F9-416A-A4F3-D5C87182F97B}.AppStore|Any CPU.Deploy.0 = Release|x86
		{0DAB7F8E-D3F9-416A-A4F3-D5C87182F97B}.AppStore|ARM.ActiveCfg = Release|ARM
		{0DAB7F8E-D3F9-416A-A4F3-D5C87182F97B}.AppStore|ARM.Build.0 = Release|ARM
		{0DAB7F8E-D3F9-416A-A4F3-D5C87182F97B}.AppStore|ARM.Deploy.0 = Release|ARM
		{0DAB7F8E-D3F9-416A-A4F3-D5C87182F97B}.AppStore|iPhone.ActiveCfg = Release|x86
		{0DAB7F8E-D3F9-416A-A4F3-D5C87182F97B}.AppStore|iPhone.Build.0 = Release|x86
		{0DAB7F8E-D3F9-416A-A4F3-D5C87182F97B}.AppStore|iPhone.Deploy.0 = Release|x86
		{0DAB7F8E-D3F9-416A-A4F3-D5C87182F97B}.AppStore|iPhoneSimulator.ActiveCfg = Release|x86
		{0DAB7F8E-D3F9-416A-A4F3-D5C87182F97B}.AppStore|iPhoneSimulator.Build.0 = Release|x86
		{0DAB7F8E-D3F9-416A-A4F3-D5C87182F97B}.AppStore|iPhoneSimulator.Deploy.0 = Release|x86
		{0DAB7F8E-D3F9-416A-A4F3-D5C87182F97B}.AppStore|x64.ActiveCfg = Release|x64
		{0DAB7F8E-D3F9-416A-A4F3-D5C87182F97B}.AppStore|x64.Build.0 = Release|x64
		{0DAB7F8E-D3F9-416A-A4F3-D5C87182F97B}.AppStore|x64.Deploy.0 = Release|x64
		{0DAB7F8E-D3F9-416A-A4F3-D5C87182F97B}.AppStore|x86.ActiveCfg = Release|x86
		{0DAB7F8E-D3F9-416A-A4F3-D5C87182F97B}.AppStore|x86.Build.0 = Release|x86
		{0DAB7F8E-D3F9-416A-A4F3-D5C87182F97B}.AppStore|x86.Deploy.0 = Release|x86
		{0DAB7F8E-D3F9-416A-A4F3-D5C87182F97B}.Debug|Any CPU.ActiveCfg = Debug|x86
		{0DAB7F8E-D3F9-416A-A4F3-D5C87182F97B}.Debug|ARM.ActiveCfg = Debug|ARM
		{0DAB7F8E-D3F9-416A-A4F3-D5C87182F97B}.Debug|ARM.Build.0 = Debug|ARM
		{0DAB7F8E-D3F9-416A-A4F3-D5C87182F97B}.Debug|ARM.Deploy.0 = Debug|ARM
		{0DAB7F8E-D3F9-416A-A4F3-D5C87182F97B}.Debug|iPhone.ActiveCfg = Debug|x86
		{0DAB7F8E-D3F9-416A-A4F3-D5C87182F97B}.Debug|iPhoneSimulator.ActiveCfg = Debug|x86
		{0DAB7F8E-D3F9-416A-A4F3-D5C87182F97B}.Debug|x64.ActiveCfg = Debug|x64
		{0DAB7F8E-D3F9-416A-A4F3-D5C87182F97B}.Debug|x64.Build.0 = Debug|x64
		{0DAB7F8E-D3F9-416A-A4F3-D5C87182F97B}.Debug|x64.Deploy.0 = Debug|x64
		{0DAB7F8E-D3F9-416A-A4F3-D5C87182F97B}.Debug|x86.ActiveCfg = Debug|x86
		{0DAB7F8E-D3F9-416A-A4F3-D5C87182F97B}.Debug|x86.Build.0 = Debug|x86
		{0DAB7F8E-D3F9-416A-A4F3-D5C87182F97B}.Debug|x86.Deploy.0 = Debug|x86
		{0DAB7F8E-D3F9-416A-A4F3-D5C87182F97B}.Release|Any CPU.ActiveCfg = Release|x86
		{0DAB7F8E-D3F9-416A-A4F3-D5C87182F97B}.Release|ARM.ActiveCfg = Release|ARM
		{0DAB7F8E-D3F9-416A-A4F3-D5C87182F97B}.Release|ARM.Build.0 = Release|ARM
		{0DAB7F8E-D3F9-416A-A4F3-D5C87182F97B}.Release|ARM.Deploy.0 = Release|ARM
		{0DAB7F8E-D3F9-416A-A4F3-D5C87182F97B}.Release|iPhone.ActiveCfg = Release|x86
		{0DAB7F8E-D3F9-416A-A4F3-D5C87182F97B}.Release|iPhoneSimulator.ActiveCfg = Release|x86
		{0DAB7F8E-D3F9-416A-A4F3-D5C87182F97B}.Release|x64.ActiveCfg = Release|x64
		{0DAB7F8E-D3F9-416A-A4F3-D5C87182F97B}.Release|x64.Build.0 = Release|x64
		{0DAB7F8E-D3F9-416A-A4F3-D5C87182F97B}.Release|x64.Deploy.0 = Release|x64
		{0DAB7F8E-D3F9-416A-A4F3-D5C87182F97B}.Release|x86.ActiveCfg = Release|x86
		{0DAB7F8E-D3F9-416A-A4F3-D5C87182F97B}.Release|x86.Build.0 = Release|x86
		{0DAB7F8E-D3F9-416A-A4F3-D5C87182F97B}.Release|x86.Deploy.0 = Release|x86
	EndGlobalSection
	GlobalSection(SolutionProperties) = preSolution
		HideSolutionNode = FALSE
	EndGlobalSection
EndGlobal
