
Microsoft Visual Studio Solution File, Format Version 12.00
# Visual Studio 15
VisualStudioVersion = 15.0.26430.16
MinimumVisualStudioVersion = 10.0.40219.1
Project("{FAE04EC0-301F-11D3-BF4B-00C04F79EFBC}") = "AutomaticUpdate.Client", "AutomaticUpdate.Client\AutomaticUpdate.Client.csproj", "{0BC4EAC6-4A90-4126-900D-AB5EB691C3FD}"
EndProject
Project("{FAE04EC0-301F-11D3-BF4B-00C04F79EFBC}") = "AutomaticUpdate.Update", "AutomaticUpdate.Update\AutomaticUpdate.Update.csproj", "{1A335105-2DA8-4143-A8CB-66A2C6FC1F00}"
EndProject
Project("{FAE04EC0-301F-11D3-BF4B-00C04F79EFBC}") = "BitChatApp", "BitChatApp\BitChatApp.csproj", "{68ED49DF-C976-4165-9314-EA15C4FAB1A3}"
EndProject
Project("{FAE04EC0-301F-11D3-BF4B-00C04F79EFBC}") = "BitChatAppMono", "BitChatAppMono\BitChatAppMono.csproj", "{D561478D-7EA2-4066-8EC4-D9DF74E1B190}"
EndProject
Project("{FAE04EC0-301F-11D3-BF4B-00C04F79EFBC}") = "BitChatCore", "BitChatCore\BitChatCore.csproj", "{3038B7EA-D974-431F-A6C0-FE7C7E5308A2}"
EndProject
Project("{2150E333-8FDC-42A3-9474-1A3956D46DE8}") = "References", "References", "{3A48DAB9-2590-4514-8BB5-8DFF08B1BF60}"
	ProjectSection(SolutionItems) = preProject
		References\TechnitiumLibrary.IO.dll = References\TechnitiumLibrary.IO.dll
		References\TechnitiumLibrary.Net.BitTorrent.dll = References\TechnitiumLibrary.Net.BitTorrent.dll
		References\TechnitiumLibrary.Net.dll = References\TechnitiumLibrary.Net.dll
		References\TechnitiumLibrary.Net.Firewall.dll = References\TechnitiumLibrary.Net.Firewall.dll
		References\TechnitiumLibrary.Net.UPnP.dll = References\TechnitiumLibrary.Net.UPnP.dll
		References\TechnitiumLibrary.Security.Cryptography.dll = References\TechnitiumLibrary.Security.Cryptography.dll
	EndProjectSection
EndProject
Project("{FAE04EC0-301F-11D3-BF4B-00C04F79EFBC}") = "BitChatAppXamarinForms.Standard", "BitChatAppXamarinForms\BitChatAppXamarinForms.Standard\BitChatAppXamarinForms.Standard.csproj", "{9A1ED959-56BE-48DB-BD07-545B00242318}"
EndProject
Project("{FAE04EC0-301F-11D3-BF4B-00C04F79EFBC}") = "BitChatAppXamarinForms.Droid", "BitChatAppXamarinForms\BitChatAppXamarinForms.Droid\BitChatAppXamarinForms.Droid.csproj", "{6BB44328-00E5-430B-9048-E4C2E1BBD2B9}"
EndProject
Project("{FAE04EC0-301F-11D3-BF4B-00C04F79EFBC}") = "BitChatAppXamarinForms.iOS", "BitChatAppXamarinForms\BitChatAppXamarinForms.iOS\BitChatAppXamarinForms.iOS.csproj", "{ADE5BE45-7179-4D87-BCCC-9FAE588F371A}"
EndProject
Project("{FAE04EC0-301F-11D3-BF4B-00C04F79EFBC}") = "BitChatAppXamarinForms.UWP", "BitChatAppXamarinForms\BitChatAppXamarinForms.UWP\BitChatAppXamarinForms.UWP.csproj", "{C63C5247-D337-4525-A705-42366FA1A05D}"
EndProject
Global
	GlobalSection(SolutionConfigurationPlatforms) = preSolution
		Ad-Hoc|Any CPU = Ad-Hoc|Any CPU
		Ad-Hoc|ARM = Ad-Hoc|ARM
		Ad-Hoc|iPhone = Ad-Hoc|iPhone
		Ad-Hoc|iPhoneSimulator = Ad-Hoc|iPhoneSimulator
		Ad-Hoc|x64 = Ad-Hoc|x64
		Ad-Hoc|x86 = Ad-Hoc|x86
		AppStore|Any CPU = AppStore|Any CPU
		AppStore|ARM = AppStore|ARM
		AppStore|iPhone = AppStore|iPhone
		AppStore|iPhoneSimulator = AppStore|iPhoneSimulator
		AppStore|x64 = AppStore|x64
		AppStore|x86 = AppStore|x86
		Debug|Any CPU = Debug|Any CPU
		Debug|ARM = Debug|ARM
		Debug|iPhone = Debug|iPhone
		Debug|iPhoneSimulator = Debug|iPhoneSimulator
		Debug|x64 = Debug|x64
		Debug|x86 = Debug|x86
		Release|Any CPU = Release|Any CPU
		Release|ARM = Release|ARM
		Release|iPhone = Release|iPhone
		Release|iPhoneSimulator = Release|iPhoneSimulator
		Release|x64 = Release|x64
		Release|x86 = Release|x86
	EndGlobalSection
	GlobalSection(ProjectConfigurationPlatforms) = postSolution
		{0BC4EAC6-4A90-4126-900D-AB5EB691C3FD}.Ad-Hoc|Any CPU.ActiveCfg = Release|Any CPU
		{0BC4EAC6-4A90-4126-900D-AB5EB691C3FD}.Ad-Hoc|Any CPU.Build.0 = Release|Any CPU
		{0BC4EAC6-4A90-4126-900D-AB5EB691C3FD}.Ad-Hoc|ARM.ActiveCfg = Release|Any CPU
		{0BC4EAC6-4A90-4126-900D-AB5EB691C3FD}.Ad-Hoc|ARM.Build.0 = Release|Any CPU
		{0BC4EAC6-4A90-4126-900D-AB5EB691C3FD}.Ad-Hoc|iPhone.ActiveCfg = Release|Any CPU
		{0BC4EAC6-4A90-4126-900D-AB5EB691C3FD}.Ad-Hoc|iPhone.Build.0 = Release|Any CPU
		{0BC4EAC6-4A90-4126-900D-AB5EB691C3FD}.Ad-Hoc|iPhoneSimulator.ActiveCfg = Release|Any CPU
		{0BC4EAC6-4A90-4126-900D-AB5EB691C3FD}.Ad-Hoc|iPhoneSimulator.Build.0 = Release|Any CPU
		{0BC4EAC6-4A90-4126-900D-AB5EB691C3FD}.Ad-Hoc|x64.ActiveCfg = Release|Any CPU
		{0BC4EAC6-4A90-4126-900D-AB5EB691C3FD}.Ad-Hoc|x64.Build.0 = Release|Any CPU
		{0BC4EAC6-4A90-4126-900D-AB5EB691C3FD}.Ad-Hoc|x86.ActiveCfg = Release|Any CPU
		{0BC4EAC6-4A90-4126-900D-AB5EB691C3FD}.Ad-Hoc|x86.Build.0 = Release|Any CPU
		{0BC4EAC6-4A90-4126-900D-AB5EB691C3FD}.AppStore|Any CPU.ActiveCfg = Release|Any CPU
		{0BC4EAC6-4A90-4126-900D-AB5EB691C3FD}.AppStore|Any CPU.Build.0 = Release|Any CPU
		{0BC4EAC6-4A90-4126-900D-AB5EB691C3FD}.AppStore|ARM.ActiveCfg = Release|Any CPU
		{0BC4EAC6-4A90-4126-900D-AB5EB691C3FD}.AppStore|ARM.Build.0 = Release|Any CPU
		{0BC4EAC6-4A90-4126-900D-AB5EB691C3FD}.AppStore|iPhone.ActiveCfg = Release|Any CPU
		{0BC4EAC6-4A90-4126-900D-AB5EB691C3FD}.AppStore|iPhone.Build.0 = Release|Any CPU
		{0BC4EAC6-4A90-4126-900D-AB5EB691C3FD}.AppStore|iPhoneSimulator.ActiveCfg = Release|Any CPU
		{0BC4EAC6-4A90-4126-900D-AB5EB691C3FD}.AppStore|iPhoneSimulator.Build.0 = Release|Any CPU
		{0BC4EAC6-4A90-4126-900D-AB5EB691C3FD}.AppStore|x64.ActiveCfg = Release|Any CPU
		{0BC4EAC6-4A90-4126-900D-AB5EB691C3FD}.AppStore|x64.Build.0 = Release|Any CPU
		{0BC4EAC6-4A90-4126-900D-AB5EB691C3FD}.AppStore|x86.ActiveCfg = Release|Any CPU
		{0BC4EAC6-4A90-4126-900D-AB5EB691C3FD}.AppStore|x86.Build.0 = Release|Any CPU
		{0BC4EAC6-4A90-4126-900D-AB5EB691C3FD}.Debug|Any CPU.ActiveCfg = Debug|Any CPU
		{0BC4EAC6-4A90-4126-900D-AB5EB691C3FD}.Debug|Any CPU.Build.0 = Debug|Any CPU
		{0BC4EAC6-4A90-4126-900D-AB5EB691C3FD}.Debug|ARM.ActiveCfg = Debug|Any CPU
		{0BC4EAC6-4A90-4126-900D-AB5EB691C3FD}.Debug|ARM.Build.0 = Debug|Any CPU
		{0BC4EAC6-4A90-4126-900D-AB5EB691C3FD}.Debug|iPhone.ActiveCfg = Debug|Any CPU
		{0BC4EAC6-4A90-4126-900D-AB5EB691C3FD}.Debug|iPhone.Build.0 = Debug|Any CPU
		{0BC4EAC6-4A90-4126-900D-AB5EB691C3FD}.Debug|iPhoneSimulator.ActiveCfg = Debug|Any CPU
		{0BC4EAC6-4A90-4126-900D-AB5EB691C3FD}.Debug|iPhoneSimulator.Build.0 = Debug|Any CPU
		{0BC4EAC6-4A90-4126-900D-AB5EB691C3FD}.Debug|x64.ActiveCfg = Debug|Any CPU
		{0BC4EAC6-4A90-4126-900D-AB5EB691C3FD}.Debug|x64.Build.0 = Debug|Any CPU
		{0BC4EAC6-4A90-4126-900D-AB5EB691C3FD}.Debug|x86.ActiveCfg = Debug|Any CPU
		{0BC4EAC6-4A90-4126-900D-AB5EB691C3FD}.Debug|x86.Build.0 = Debug|Any CPU
		{0BC4EAC6-4A90-4126-900D-AB5EB691C3FD}.Release|Any CPU.ActiveCfg = Release|Any CPU
		{0BC4EAC6-4A90-4126-900D-AB5EB691C3FD}.Release|Any CPU.Build.0 = Release|Any CPU
		{0BC4EAC6-4A90-4126-900D-AB5EB691C3FD}.Release|ARM.ActiveCfg = Release|Any CPU
		{0BC4EAC6-4A90-4126-900D-AB5EB691C3FD}.Release|ARM.Build.0 = Release|Any CPU
		{0BC4EAC6-4A90-4126-900D-AB5EB691C3FD}.Release|iPhone.ActiveCfg = Release|Any CPU
		{0BC4EAC6-4A90-4126-900D-AB5EB691C3FD}.Release|iPhone.Build.0 = Release|Any CPU
		{0BC4EAC6-4A90-4126-900D-AB5EB691C3FD}.Release|iPhoneSimulator.ActiveCfg = Release|Any CPU
		{0BC4EAC6-4A90-4126-900D-AB5EB691C3FD}.Release|iPhoneSimulator.Build.0 = Release|Any CPU
		{0BC4EAC6-4A90-4126-900D-AB5EB691C3FD}.Release|x64.ActiveCfg = Release|Any CPU
		{0BC4EAC6-4A90-4126-900D-AB5EB691C3FD}.Release|x64.Build.0 = Release|Any CPU
		{0BC4EAC6-4A90-4126-900D-AB5EB691C3FD}.Release|x86.ActiveCfg = Release|Any CPU
		{0BC4EAC6-4A90-4126-900D-AB5EB691C3FD}.Release|x86.Build.0 = Release|Any CPU
		{1A335105-2DA8-4143-A8CB-66A2C6FC1F00}.Ad-Hoc|Any CPU.ActiveCfg = Release|Any CPU
		{1A335105-2DA8-4143-A8CB-66A2C6FC1F00}.Ad-Hoc|Any CPU.Build.0 = Release|Any CPU
		{1A335105-2DA8-4143-A8CB-66A2C6FC1F00}.Ad-Hoc|ARM.ActiveCfg = Release|Any CPU
		{1A335105-2DA8-4143-A8CB-66A2C6FC1F00}.Ad-Hoc|ARM.Build.0 = Release|Any CPU
		{1A335105-2DA8-4143-A8CB-66A2C6FC1F00}.Ad-Hoc|iPhone.ActiveCfg = Release|Any CPU
		{1A335105-2DA8-4143-A8CB-66A2C6FC1F00}.Ad-Hoc|iPhone.Build.0 = Release|Any CPU
		{1A335105-2DA8-4143-A8CB-66A2C6FC1F00}.Ad-Hoc|iPhoneSimulator.ActiveCfg = Release|Any CPU
		{1A335105-2DA8-4143-A8CB-66A2C6FC1F00}.Ad-Hoc|iPhoneSimulator.Build.0 = Release|Any CPU
		{1A335105-2DA8-4143-A8CB-66A2C6FC1F00}.Ad-Hoc|x64.ActiveCfg = Release|Any CPU
		{1A335105-2DA8-4143-A8CB-66A2C6FC1F00}.Ad-Hoc|x64.Build.0 = Release|Any CPU
		{1A335105-2DA8-4143-A8CB-66A2C6FC1F00}.Ad-Hoc|x86.ActiveCfg = Release|Any CPU
		{1A335105-2DA8-4143-A8CB-66A2C6FC1F00}.Ad-Hoc|x86.Build.0 = Release|Any CPU
		{1A335105-2DA8-4143-A8CB-66A2C6FC1F00}.AppStore|Any CPU.ActiveCfg = Release|Any CPU
		{1A335105-2DA8-4143-A8CB-66A2C6FC1F00}.AppStore|Any CPU.Build.0 = Release|Any CPU
		{1A335105-2DA8-4143-A8CB-66A2C6FC1F00}.AppStore|ARM.ActiveCfg = Release|Any CPU
		{1A335105-2DA8-4143-A8CB-66A2C6FC1F00}.AppStore|ARM.Build.0 = Release|Any CPU
		{1A335105-2DA8-4143-A8CB-66A2C6FC1F00}.AppStore|iPhone.ActiveCfg = Release|Any CPU
		{1A335105-2DA8-4143-A8CB-66A2C6FC1F00}.AppStore|iPhone.Build.0 = Release|Any CPU
		{1A335105-2DA8-4143-A8CB-66A2C6FC1F00}.AppStore|iPhoneSimulator.ActiveCfg = Release|Any CPU
		{1A335105-2DA8-4143-A8CB-66A2C6FC1F00}.AppStore|iPhoneSimulator.Build.0 = Release|Any CPU
		{1A335105-2DA8-4143-A8CB-66A2C6FC1F00}.AppStore|x64.ActiveCfg = Release|Any CPU
		{1A335105-2DA8-4143-A8CB-66A2C6FC1F00}.AppStore|x64.Build.0 = Release|Any CPU
		{1A335105-2DA8-4143-A8CB-66A2C6FC1F00}.AppStore|x86.ActiveCfg = Release|Any CPU
		{1A335105-2DA8-4143-A8CB-66A2C6FC1F00}.AppStore|x86.Build.0 = Release|Any CPU
		{1A335105-2DA8-4143-A8CB-66A2C6FC1F00}.Debug|Any CPU.ActiveCfg = Debug|Any CPU
		{1A335105-2DA8-4143-A8CB-66A2C6FC1F00}.Debug|Any CPU.Build.0 = Debug|Any CPU
		{1A335105-2DA8-4143-A8CB-66A2C6FC1F00}.Debug|ARM.ActiveCfg = Debug|Any CPU
		{1A335105-2DA8-4143-A8CB-66A2C6FC1F00}.Debug|ARM.Build.0 = Debug|Any CPU
		{1A335105-2DA8-4143-A8CB-66A2C6FC1F00}.Debug|iPhone.ActiveCfg = Debug|Any CPU
		{1A335105-2DA8-4143-A8CB-66A2C6FC1F00}.Debug|iPhone.Build.0 = Debug|Any CPU
		{1A335105-2DA8-4143-A8CB-66A2C6FC1F00}.Debug|iPhoneSimulator.ActiveCfg = Debug|Any CPU
		{1A335105-2DA8-4143-A8CB-66A2C6FC1F00}.Debug|iPhoneSimulator.Build.0 = Debug|Any CPU
		{1A335105-2DA8-4143-A8CB-66A2C6FC1F00}.Debug|x64.ActiveCfg = Debug|Any CPU
		{1A335105-2DA8-4143-A8CB-66A2C6FC1F00}.Debug|x64.Build.0 = Debug|Any CPU
		{1A335105-2DA8-4143-A8CB-66A2C6FC1F00}.Debug|x86.ActiveCfg = Debug|Any CPU
		{1A335105-2DA8-4143-A8CB-66A2C6FC1F00}.Debug|x86.Build.0 = Debug|Any CPU
		{1A335105-2DA8-4143-A8CB-66A2C6FC1F00}.Release|Any CPU.ActiveCfg = Release|Any CPU
		{1A335105-2DA8-4143-A8CB-66A2C6FC1F00}.Release|Any CPU.Build.0 = Release|Any CPU
		{1A335105-2DA8-4143-A8CB-66A2C6FC1F00}.Release|ARM.ActiveCfg = Release|Any CPU
		{1A335105-2DA8-4143-A8CB-66A2C6FC1F00}.Release|ARM.Build.0 = Release|Any CPU
		{1A335105-2DA8-4143-A8CB-66A2C6FC1F00}.Release|iPhone.ActiveCfg = Release|Any CPU
		{1A335105-2DA8-4143-A8CB-66A2C6FC1F00}.Release|iPhone.Build.0 = Release|Any CPU
		{1A335105-2DA8-4143-A8CB-66A2C6FC1F00}.Release|iPhoneSimulator.ActiveCfg = Release|Any CPU
		{1A335105-2DA8-4143-A8CB-66A2C6FC1F00}.Release|iPhoneSimulator.Build.0 = Release|Any CPU
		{1A335105-2DA8-4143-A8CB-66A2C6FC1F00}.Release|x64.ActiveCfg = Release|Any CPU
		{1A335105-2DA8-4143-A8CB-66A2C6FC1F00}.Release|x64.Build.0 = Release|Any CPU
		{1A335105-2DA8-4143-A8CB-66A2C6FC1F00}.Release|x86.ActiveCfg = Release|Any CPU
		{1A335105-2DA8-4143-A8CB-66A2C6FC1F00}.Release|x86.Build.0 = Release|Any CPU
		{68ED49DF-C976-4165-9314-EA15C4FAB1A3}.Ad-Hoc|Any CPU.ActiveCfg = Release|Any CPU
		{68ED49DF-C976-4165-9314-EA15C4FAB1A3}.Ad-Hoc|Any CPU.Build.0 = Release|Any CPU
		{68ED49DF-C976-4165-9314-EA15C4FAB1A3}.Ad-Hoc|ARM.ActiveCfg = Release|Any CPU
		{68ED49DF-C976-4165-9314-EA15C4FAB1A3}.Ad-Hoc|ARM.Build.0 = Release|Any CPU
		{68ED49DF-C976-4165-9314-EA15C4FAB1A3}.Ad-Hoc|iPhone.ActiveCfg = Release|Any CPU
		{68ED49DF-C976-4165-9314-EA15C4FAB1A3}.Ad-Hoc|iPhone.Build.0 = Release|Any CPU
		{68ED49DF-C976-4165-9314-EA15C4FAB1A3}.Ad-Hoc|iPhoneSimulator.ActiveCfg = Release|Any CPU
		{68ED49DF-C976-4165-9314-EA15C4FAB1A3}.Ad-Hoc|iPhoneSimulator.Build.0 = Release|Any CPU
		{68ED49DF-C976-4165-9314-EA15C4FAB1A3}.Ad-Hoc|x64.ActiveCfg = Release|Any CPU
		{68ED49DF-C976-4165-9314-EA15C4FAB1A3}.Ad-Hoc|x64.Build.0 = Release|Any CPU
		{68ED49DF-C976-4165-9314-EA15C4FAB1A3}.Ad-Hoc|x86.ActiveCfg = Release|Any CPU
		{68ED49DF-C976-4165-9314-EA15C4FAB1A3}.Ad-Hoc|x86.Build.0 = Release|Any CPU
		{68ED49DF-C976-4165-9314-EA15C4FAB1A3}.AppStore|Any CPU.ActiveCfg = Release|Any CPU
		{68ED49DF-C976-4165-9314-EA15C4FAB1A3}.AppStore|Any CPU.Build.0 = Release|Any CPU
		{68ED49DF-C976-4165-9314-EA15C4FAB1A3}.AppStore|ARM.ActiveCfg = Release|Any CPU
		{68ED49DF-C976-4165-9314-EA15C4FAB1A3}.AppStore|ARM.Build.0 = Release|Any CPU
		{68ED49DF-C976-4165-9314-EA15C4FAB1A3}.AppStore|iPhone.ActiveCfg = Release|Any CPU
		{68ED49DF-C976-4165-9314-EA15C4FAB1A3}.AppStore|iPhone.Build.0 = Release|Any CPU
		{68ED49DF-C976-4165-9314-EA15C4FAB1A3}.AppStore|iPhoneSimulator.ActiveCfg = Release|Any CPU
		{68ED49DF-C976-4165-9314-EA15C4FAB1A3}.AppStore|iPhoneSimulator.Build.0 = Release|Any CPU
		{68ED49DF-C976-4165-9314-EA15C4FAB1A3}.AppStore|x64.ActiveCfg = Release|Any CPU
		{68ED49DF-C976-4165-9314-EA15C4FAB1A3}.AppStore|x64.Build.0 = Release|Any CPU
		{68ED49DF-C976-4165-9314-EA15C4FAB1A3}.AppStore|x86.ActiveCfg = Release|Any CPU
		{68ED49DF-C976-4165-9314-EA15C4FAB1A3}.AppStore|x86.Build.0 = Release|Any CPU
		{68ED49DF-C976-4165-9314-EA15C4FAB1A3}.Debug|Any CPU.ActiveCfg = Debug|Any CPU
		{68ED49DF-C976-4165-9314-EA15C4FAB1A3}.Debug|Any CPU.Build.0 = Debug|Any CPU
		{68ED49DF-C976-4165-9314-EA15C4FAB1A3}.Debug|ARM.ActiveCfg = Debug|Any CPU
		{68ED49DF-C976-4165-9314-EA15C4FAB1A3}.Debug|ARM.Build.0 = Debug|Any CPU
		{68ED49DF-C976-4165-9314-EA15C4FAB1A3}.Debug|iPhone.ActiveCfg = Debug|Any CPU
		{68ED49DF-C976-4165-9314-EA15C4FAB1A3}.Debug|iPhone.Build.0 = Debug|Any CPU
		{68ED49DF-C976-4165-9314-EA15C4FAB1A3}.Debug|iPhoneSimulator.ActiveCfg = Debug|Any CPU
		{68ED49DF-C976-4165-9314-EA15C4FAB1A3}.Debug|iPhoneSimulator.Build.0 = Debug|Any CPU
		{68ED49DF-C976-4165-9314-EA15C4FAB1A3}.Debug|x64.ActiveCfg = Debug|Any CPU
		{68ED49DF-C976-4165-9314-EA15C4FAB1A3}.Debug|x64.Build.0 = Debug|Any CPU
		{68ED49DF-C976-4165-9314-EA15C4FAB1A3}.Debug|x86.ActiveCfg = Debug|Any CPU
		{68ED49DF-C976-4165-9314-EA15C4FAB1A3}.Debug|x86.Build.0 = Debug|Any CPU
		{68ED49DF-C976-4165-9314-EA15C4FAB1A3}.Release|Any CPU.ActiveCfg = Release|Any CPU
		{68ED49DF-C976-4165-9314-EA15C4FAB1A3}.Release|Any CPU.Build.0 = Release|Any CPU
		{68ED49DF-C976-4165-9314-EA15C4FAB1A3}.Release|ARM.ActiveCfg = Release|Any CPU
		{68ED49DF-C976-4165-9314-EA15C4FAB1A3}.Release|ARM.Build.0 = Release|Any CPU
		{68ED49DF-C976-4165-9314-EA15C4FAB1A3}.Release|iPhone.ActiveCfg = Release|Any CPU
		{68ED49DF-C976-4165-9314-EA15C4FAB1A3}.Release|iPhone.Build.0 = Release|Any CPU
		{68ED49DF-C976-4165-9314-EA15C4FAB1A3}.Release|iPhoneSimulator.ActiveCfg = Release|Any CPU
		{68ED49DF-C976-4165-9314-EA15C4FAB1A3}.Release|iPhoneSimulator.Build.0 = Release|Any CPU
		{68ED49DF-C976-4165-9314-EA15C4FAB1A3}.Release|x64.ActiveCfg = Release|Any CPU
		{68ED49DF-C976-4165-9314-EA15C4FAB1A3}.Release|x64.Build.0 = Release|Any CPU
		{68ED49DF-C976-4165-9314-EA15C4FAB1A3}.Release|x86.ActiveCfg = Release|Any CPU
		{68ED49DF-C976-4165-9314-EA15C4FAB1A3}.Release|x86.Build.0 = Release|Any CPU
		{D561478D-7EA2-4066-8EC4-D9DF74E1B190}.Ad-Hoc|Any CPU.ActiveCfg = Release|Any CPU
		{D561478D-7EA2-4066-8EC4-D9DF74E1B190}.Ad-Hoc|Any CPU.Build.0 = Release|Any CPU
		{D561478D-7EA2-4066-8EC4-D9DF74E1B190}.Ad-Hoc|ARM.ActiveCfg = Release|Any CPU
		{D561478D-7EA2-4066-8EC4-D9DF74E1B190}.Ad-Hoc|ARM.Build.0 = Release|Any CPU
		{D561478D-7EA2-4066-8EC4-D9DF74E1B190}.Ad-Hoc|iPhone.ActiveCfg = Release|Any CPU
		{D561478D-7EA2-4066-8EC4-D9DF74E1B190}.Ad-Hoc|iPhone.Build.0 = Release|Any CPU
		{D561478D-7EA2-4066-8EC4-D9DF74E1B190}.Ad-Hoc|iPhoneSimulator.ActiveCfg = Release|Any CPU
		{D561478D-7EA2-4066-8EC4-D9DF74E1B190}.Ad-Hoc|iPhoneSimulator.Build.0 = Release|Any CPU
		{D561478D-7EA2-4066-8EC4-D9DF74E1B190}.Ad-Hoc|x64.ActiveCfg = Release|Any CPU
		{D561478D-7EA2-4066-8EC4-D9DF74E1B190}.Ad-Hoc|x64.Build.0 = Release|Any CPU
		{D561478D-7EA2-4066-8EC4-D9DF74E1B190}.Ad-Hoc|x86.ActiveCfg = Release|Any CPU
		{D561478D-7EA2-4066-8EC4-D9DF74E1B190}.Ad-Hoc|x86.Build.0 = Release|Any CPU
		{D561478D-7EA2-4066-8EC4-D9DF74E1B190}.AppStore|Any CPU.ActiveCfg = Release|Any CPU
		{D561478D-7EA2-4066-8EC4-D9DF74E1B190}.AppStore|Any CPU.Build.0 = Release|Any CPU
		{D561478D-7EA2-4066-8EC4-D9DF74E1B190}.AppStore|ARM.ActiveCfg = Release|Any CPU
		{D561478D-7EA2-4066-8EC4-D9DF74E1B190}.AppStore|ARM.Build.0 = Release|Any CPU
		{D561478D-7EA2-4066-8EC4-D9DF74E1B190}.AppStore|iPhone.ActiveCfg = Release|Any CPU
		{D561478D-7EA2-4066-8EC4-D9DF74E1B190}.AppStore|iPhone.Build.0 = Release|Any CPU
		{D561478D-7EA2-4066-8EC4-D9DF74E1B190}.AppStore|iPhoneSimulator.ActiveCfg = Release|Any CPU
		{D561478D-7EA2-4066-8EC4-D9DF74E1B190}.AppStore|iPhoneSimulator.Build.0 = Release|Any CPU
		{D561478D-7EA2-4066-8EC4-D9DF74E1B190}.AppStore|x64.ActiveCfg = Release|Any CPU
		{D561478D-7EA2-4066-8EC4-D9DF74E1B190}.AppStore|x64.Build.0 = Release|Any CPU
		{D561478D-7EA2-4066-8EC4-D9DF74E1B190}.AppStore|x86.ActiveCfg = Release|Any CPU
		{D561478D-7EA2-4066-8EC4-D9DF74E1B190}.AppStore|x86.Build.0 = Release|Any CPU
		{D561478D-7EA2-4066-8EC4-D9DF74E1B190}.Debug|Any CPU.ActiveCfg = Debug|Any CPU
		{D561478D-7EA2-4066-8EC4-D9DF74E1B190}.Debug|Any CPU.Build.0 = Debug|Any CPU
		{D561478D-7EA2-4066-8EC4-D9DF74E1B190}.Debug|ARM.ActiveCfg = Debug|Any CPU
		{D561478D-7EA2-4066-8EC4-D9DF74E1B190}.Debug|ARM.Build.0 = Debug|Any CPU
		{D561478D-7EA2-4066-8EC4-D9DF74E1B190}.Debug|iPhone.ActiveCfg = Debug|Any CPU
		{D561478D-7EA2-4066-8EC4-D9DF74E1B190}.Debug|iPhone.Build.0 = Debug|Any CPU
		{D561478D-7EA2-4066-8EC4-D9DF74E1B190}.Debug|iPhoneSimulator.ActiveCfg = Debug|Any CPU
		{D561478D-7EA2-4066-8EC4-D9DF74E1B190}.Debug|iPhoneSimulator.Build.0 = Debug|Any CPU
		{D561478D-7EA2-4066-8EC4-D9DF74E1B190}.Debug|x64.ActiveCfg = Debug|Any CPU
		{D561478D-7EA2-4066-8EC4-D9DF74E1B190}.Debug|x64.Build.0 = Debug|Any CPU
		{D561478D-7EA2-4066-8EC4-D9DF74E1B190}.Debug|x86.ActiveCfg = Debug|Any CPU
		{D561478D-7EA2-4066-8EC4-D9DF74E1B190}.Debug|x86.Build.0 = Debug|Any CPU
		{D561478D-7EA2-4066-8EC4-D9DF74E1B190}.Release|Any CPU.ActiveCfg = Release|Any CPU
		{D561478D-7EA2-4066-8EC4-D9DF74E1B190}.Release|Any CPU.Build.0 = Release|Any CPU
		{D561478D-7EA2-4066-8EC4-D9DF74E1B190}.Release|ARM.ActiveCfg = Release|Any CPU
		{D561478D-7EA2-4066-8EC4-D9DF74E1B190}.Release|ARM.Build.0 = Release|Any CPU
		{D561478D-7EA2-4066-8EC4-D9DF74E1B190}.Release|iPhone.ActiveCfg = Release|Any CPU
		{D561478D-7EA2-4066-8EC4-D9DF74E1B190}.Release|iPhone.Build.0 = Release|Any CPU
		{D561478D-7EA2-4066-8EC4-D9DF74E1B190}.Release|iPhoneSimulator.ActiveCfg = Release|Any CPU
		{D561478D-7EA2-4066-8EC4-D9DF74E1B190}.Release|iPhoneSimulator.Build.0 = Release|Any CPU
		{D561478D-7EA2-4066-8EC4-D9DF74E1B190}.Release|x64.ActiveCfg = Release|Any CPU
		{D561478D-7EA2-4066-8EC4-D9DF74E1B190}.Release|x64.Build.0 = Release|Any CPU
		{D561478D-7EA2-4066-8EC4-D9DF74E1B190}.Release|x86.ActiveCfg = Release|Any CPU
		{D561478D-7EA2-4066-8EC4-D9DF74E1B190}.Release|x86.Build.0 = Release|Any CPU
		{3038B7EA-D974-431F-A6C0-FE7C7E5308A2}.Ad-Hoc|Any CPU.ActiveCfg = Release|Any CPU
		{3038B7EA-D974-431F-A6C0-FE7C7E5308A2}.Ad-Hoc|Any CPU.Build.0 = Release|Any CPU
		{3038B7EA-D974-431F-A6C0-FE7C7E5308A2}.Ad-Hoc|ARM.ActiveCfg = Release|Any CPU
		{3038B7EA-D974-431F-A6C0-FE7C7E5308A2}.Ad-Hoc|ARM.Build.0 = Release|Any CPU
		{3038B7EA-D974-431F-A6C0-FE7C7E5308A2}.Ad-Hoc|iPhone.ActiveCfg = Release|Any CPU
		{3038B7EA-D974-431F-A6C0-FE7C7E5308A2}.Ad-Hoc|iPhone.Build.0 = Release|Any CPU
		{3038B7EA-D974-431F-A6C0-FE7C7E5308A2}.Ad-Hoc|iPhoneSimulator.ActiveCfg = Release|Any CPU
		{3038B7EA-D974-431F-A6C0-FE7C7E5308A2}.Ad-Hoc|iPhoneSimulator.Build.0 = Release|Any CPU
		{3038B7EA-D974-431F-A6C0-FE7C7E5308A2}.Ad-Hoc|x64.ActiveCfg = Release|Any CPU
		{3038B7EA-D974-431F-A6C0-FE7C7E5308A2}.Ad-Hoc|x64.Build.0 = Release|Any CPU
		{3038B7EA-D974-431F-A6C0-FE7C7E5308A2}.Ad-Hoc|x86.ActiveCfg = Release|Any CPU
		{3038B7EA-D974-431F-A6C0-FE7C7E5308A2}.Ad-Hoc|x86.Build.0 = Release|Any CPU
		{3038B7EA-D974-431F-A6C0-FE7C7E5308A2}.AppStore|Any CPU.ActiveCfg = Release|Any CPU
		{3038B7EA-D974-431F-A6C0-FE7C7E5308A2}.AppStore|Any CPU.Build.0 = Release|Any CPU
		{3038B7EA-D974-431F-A6C0-FE7C7E5308A2}.AppStore|ARM.ActiveCfg = Release|Any CPU
		{3038B7EA-D974-431F-A6C0-FE7C7E5308A2}.AppStore|ARM.Build.0 = Release|Any CPU
		{3038B7EA-D974-431F-A6C0-FE7C7E5308A2}.AppStore|iPhone.ActiveCfg = Release|Any CPU
		{3038B7EA-D974-431F-A6C0-FE7C7E5308A2}.AppStore|iPhone.Build.0 = Release|Any CPU
		{3038B7EA-D974-431F-A6C0-FE7C7E5308A2}.AppStore|iPhoneSimulator.ActiveCfg = Release|Any CPU
		{3038B7EA-D974-431F-A6C0-FE7C7E5308A2}.AppStore|iPhoneSimulator.Build.0 = Release|Any CPU
		{3038B7EA-D974-431F-A6C0-FE7C7E5308A2}.AppStore|x64.ActiveCfg = Release|Any CPU
		{3038B7EA-D974-431F-A6C0-FE7C7E5308A2}.AppStore|x64.Build.0 = Release|Any CPU
		{3038B7EA-D974-431F-A6C0-FE7C7E5308A2}.AppStore|x86.ActiveCfg = Release|Any CPU
		{3038B7EA-D974-431F-A6C0-FE7C7E5308A2}.AppStore|x86.Build.0 = Release|Any CPU
		{3038B7EA-D974-431F-A6C0-FE7C7E5308A2}.Debug|Any CPU.ActiveCfg = Debug|Any CPU
		{3038B7EA-D974-431F-A6C0-FE7C7E5308A2}.Debug|Any CPU.Build.0 = Debug|Any CPU
		{3038B7EA-D974-431F-A6C0-FE7C7E5308A2}.Debug|ARM.ActiveCfg = Debug|Any CPU
		{3038B7EA-D974-431F-A6C0-FE7C7E5308A2}.Debug|ARM.Build.0 = Debug|Any CPU
		{3038B7EA-D974-431F-A6C0-FE7C7E5308A2}.Debug|iPhone.ActiveCfg = Debug|Any CPU
		{3038B7EA-D974-431F-A6C0-FE7C7E5308A2}.Debug|iPhone.Build.0 = Debug|Any CPU
		{3038B7EA-D974-431F-A6C0-FE7C7E5308A2}.Debug|iPhoneSimulator.ActiveCfg = Debug|Any CPU
		{3038B7EA-D974-431F-A6C0-FE7C7E5308A2}.Debug|iPhoneSimulator.Build.0 = Debug|Any CPU
		{3038B7EA-D974-431F-A6C0-FE7C7E5308A2}.Debug|x64.ActiveCfg = Debug|Any CPU
		{3038B7EA-D974-431F-A6C0-FE7C7E5308A2}.Debug|x64.Build.0 = Debug|Any CPU
		{3038B7EA-D974-431F-A6C0-FE7C7E5308A2}.Debug|x86.ActiveCfg = Debug|Any CPU
		{3038B7EA-D974-431F-A6C0-FE7C7E5308A2}.Debug|x86.Build.0 = Debug|Any CPU
		{3038B7EA-D974-431F-A6C0-FE7C7E5308A2}.Release|Any CPU.ActiveCfg = Release|Any CPU
		{3038B7EA-D974-431F-A6C0-FE7C7E5308A2}.Release|Any CPU.Build.0 = Release|Any CPU
		{3038B7EA-D974-431F-A6C0-FE7C7E5308A2}.Release|ARM.ActiveCfg = Release|Any CPU
		{3038B7EA-D974-431F-A6C0-FE7C7E5308A2}.Release|ARM.Build.0 = Release|Any CPU
		{3038B7EA-D974-431F-A6C0-FE7C7E5308A2}.Release|iPhone.ActiveCfg = Release|Any CPU
		{3038B7EA-D974-431F-A6C0-FE7C7E5308A2}.Release|iPhone.Build.0 = Release|Any CPU
		{3038B7EA-D974-431F-A6C0-FE7C7E5308A2}.Release|iPhoneSimulator.ActiveCfg = Release|Any CPU
		{3038B7EA-D974-431F-A6C0-FE7C7E5308A2}.Release|iPhoneSimulator.Build.0 = Release|Any CPU
		{3038B7EA-D974-431F-A6C0-FE7C7E5308A2}.Release|x64.ActiveCfg = Release|Any CPU
		{3038B7EA-D974-431F-A6C0-FE7C7E5308A2}.Release|x64.Build.0 = Release|Any CPU
		{3038B7EA-D974-431F-A6C0-FE7C7E5308A2}.Release|x86.ActiveCfg = Release|Any CPU
		{3038B7EA-D974-431F-A6C0-FE7C7E5308A2}.Release|x86.Build.0 = Release|Any CPU
		{9A1ED959-56BE-48DB-BD07-545B00242318}.Ad-Hoc|Any CPU.ActiveCfg = Release|Any CPU
		{9A1ED959-56BE-48DB-BD07-545B00242318}.Ad-Hoc|Any CPU.Build.0 = Release|Any CPU
		{9A1ED959-56BE-48DB-BD07-545B00242318}.Ad-Hoc|ARM.ActiveCfg = Release|Any CPU
		{9A1ED959-56BE-48DB-BD07-545B00242318}.Ad-Hoc|ARM.Build.0 = Release|Any CPU
		{9A1ED959-56BE-48DB-BD07-545B00242318}.Ad-Hoc|iPhone.ActiveCfg = Release|Any CPU
		{9A1ED959-56BE-48DB-BD07-545B00242318}.Ad-Hoc|iPhone.Build.0 = Release|Any CPU
		{9A1ED959-56BE-48DB-BD07-545B00242318}.Ad-Hoc|iPhoneSimulator.ActiveCfg = Release|Any CPU
		{9A1ED959-56BE-48DB-BD07-545B00242318}.Ad-Hoc|iPhoneSimulator.Build.0 = Release|Any CPU
		{9A1ED959-56BE-48DB-BD07-545B00242318}.Ad-Hoc|x64.ActiveCfg = Release|Any CPU
		{9A1ED959-56BE-48DB-BD07-545B00242318}.Ad-Hoc|x64.Build.0 = Release|Any CPU
		{9A1ED959-56BE-48DB-BD07-545B00242318}.Ad-Hoc|x86.ActiveCfg = Release|x86
		{9A1ED959-56BE-48DB-BD07-545B00242318}.Ad-Hoc|x86.Build.0 = Release|x86
		{9A1ED959-56BE-48DB-BD07-545B00242318}.AppStore|Any CPU.ActiveCfg = Release|Any CPU
		{9A1ED959-56BE-48DB-BD07-545B00242318}.AppStore|Any CPU.Build.0 = Release|Any CPU
		{9A1ED959-56BE-48DB-BD07-545B00242318}.AppStore|ARM.ActiveCfg = Release|Any CPU
		{9A1ED959-56BE-48DB-BD07-545B00242318}.AppStore|ARM.Build.0 = Release|Any CPU
		{9A1ED959-56BE-48DB-BD07-545B00242318}.AppStore|iPhone.ActiveCfg = Release|Any CPU
		{9A1ED959-56BE-48DB-BD07-545B00242318}.AppStore|iPhone.Build.0 = Release|Any CPU
		{9A1ED959-56BE-48DB-BD07-545B00242318}.AppStore|iPhoneSimulator.ActiveCfg = Release|Any CPU
		{9A1ED959-56BE-48DB-BD07-545B00242318}.AppStore|iPhoneSimulator.Build.0 = Release|Any CPU
		{9A1ED959-56BE-48DB-BD07-545B00242318}.AppStore|x64.ActiveCfg = Release|Any CPU
		{9A1ED959-56BE-48DB-BD07-545B00242318}.AppStore|x64.Build.0 = Release|Any CPU
		{9A1ED959-56BE-48DB-BD07-545B00242318}.AppStore|x86.ActiveCfg = Release|x86
		{9A1ED959-56BE-48DB-BD07-545B00242318}.AppStore|x86.Build.0 = Release|x86
		{9A1ED959-56BE-48DB-BD07-545B00242318}.Debug|Any CPU.ActiveCfg = Debug|Any CPU
		{9A1ED959-56BE-48DB-BD07-545B00242318}.Debug|Any CPU.Build.0 = Debug|Any CPU
		{9A1ED959-56BE-48DB-BD07-545B00242318}.Debug|ARM.ActiveCfg = Debug|Any CPU
		{9A1ED959-56BE-48DB-BD07-545B00242318}.Debug|ARM.Build.0 = Debug|Any CPU
		{9A1ED959-56BE-48DB-BD07-545B00242318}.Debug|iPhone.ActiveCfg = Debug|Any CPU
		{9A1ED959-56BE-48DB-BD07-545B00242318}.Debug|iPhone.Build.0 = Debug|Any CPU
		{9A1ED959-56BE-48DB-BD07-545B00242318}.Debug|iPhoneSimulator.ActiveCfg = Debug|Any CPU
		{9A1ED959-56BE-48DB-BD07-545B00242318}.Debug|iPhoneSimulator.Build.0 = Debug|Any CPU
		{9A1ED959-56BE-48DB-BD07-545B00242318}.Debug|x64.ActiveCfg = Debug|Any CPU
		{9A1ED959-56BE-48DB-BD07-545B00242318}.Debug|x64.Build.0 = Debug|Any CPU
		{9A1ED959-56BE-48DB-BD07-545B00242318}.Debug|x86.ActiveCfg = Debug|x86
		{9A1ED959-56BE-48DB-BD07-545B00242318}.Debug|x86.Build.0 = Debug|x86
		{9A1ED959-56BE-48DB-BD07-545B00242318}.Release|Any CPU.ActiveCfg = Release|Any CPU
		{9A1ED959-56BE-48DB-BD07-545B00242318}.Release|Any CPU.Build.0 = Release|Any CPU
		{9A1ED959-56BE-48DB-BD07-545B00242318}.Release|ARM.ActiveCfg = Release|Any CPU
		{9A1ED959-56BE-48DB-BD07-545B00242318}.Release|ARM.Build.0 = Release|Any CPU
		{9A1ED959-56BE-48DB-BD07-545B00242318}.Release|iPhone.ActiveCfg = Release|Any CPU
		{9A1ED959-56BE-48DB-BD07-545B00242318}.Release|iPhone.Build.0 = Release|Any CPU
		{9A1ED959-56BE-48DB-BD07-545B00242318}.Release|iPhoneSimulator.ActiveCfg = Release|Any CPU
		{9A1ED959-56BE-48DB-BD07-545B00242318}.Release|iPhoneSimulator.Build.0 = Release|Any CPU
		{9A1ED959-56BE-48DB-BD07-545B00242318}.Release|x64.ActiveCfg = Release|Any CPU
		{9A1ED959-56BE-48DB-BD07-545B00242318}.Release|x64.Build.0 = Release|Any CPU
		{9A1ED959-56BE-48DB-BD07-545B00242318}.Release|x86.ActiveCfg = Release|x86
		{9A1ED959-56BE-48DB-BD07-545B00242318}.Release|x86.Build.0 = Release|x86
		{6BB44328-00E5-430B-9048-E4C2E1BBD2B9}.Ad-Hoc|Any CPU.ActiveCfg = Release|Any CPU
		{6BB44328-00E5-430B-9048-E4C2E1BBD2B9}.Ad-Hoc|Any CPU.Build.0 = Release|Any CPU
		{6BB44328-00E5-430B-9048-E4C2E1BBD2B9}.Ad-Hoc|Any CPU.Deploy.0 = Release|Any CPU
		{6BB44328-00E5-430B-9048-E4C2E1BBD2B9}.Ad-Hoc|ARM.ActiveCfg = Release|Any CPU
		{6BB44328-00E5-430B-9048-E4C2E1BBD2B9}.Ad-Hoc|ARM.Build.0 = Release|Any CPU
		{6BB44328-00E5-430B-9048-E4C2E1BBD2B9}.Ad-Hoc|ARM.Deploy.0 = Release|Any CPU
		{6BB44328-00E5-430B-9048-E4C2E1BBD2B9}.Ad-Hoc|iPhone.ActiveCfg = Release|Any CPU
		{6BB44328-00E5-430B-9048-E4C2E1BBD2B9}.Ad-Hoc|iPhone.Build.0 = Release|Any CPU
		{6BB44328-00E5-430B-9048-E4C2E1BBD2B9}.Ad-Hoc|iPhone.Deploy.0 = Release|Any CPU
		{6BB44328-00E5-430B-9048-E4C2E1BBD2B9}.Ad-Hoc|iPhoneSimulator.ActiveCfg = Release|Any CPU
		{6BB44328-00E5-430B-9048-E4C2E1BBD2B9}.Ad-Hoc|iPhoneSimulator.Build.0 = Release|Any CPU
		{6BB44328-00E5-430B-9048-E4C2E1BBD2B9}.Ad-Hoc|iPhoneSimulator.Deploy.0 = Release|Any CPU
		{6BB44328-00E5-430B-9048-E4C2E1BBD2B9}.Ad-Hoc|x64.ActiveCfg = Release|Any CPU
		{6BB44328-00E5-430B-9048-E4C2E1BBD2B9}.Ad-Hoc|x64.Build.0 = Release|Any CPU
		{6BB44328-00E5-430B-9048-E4C2E1BBD2B9}.Ad-Hoc|x64.Deploy.0 = Release|Any CPU
		{6BB44328-00E5-430B-9048-E4C2E1BBD2B9}.Ad-Hoc|x86.ActiveCfg = Release|Any CPU
		{6BB44328-00E5-430B-9048-E4C2E1BBD2B9}.Ad-Hoc|x86.Build.0 = Release|Any CPU
		{6BB44328-00E5-430B-9048-E4C2E1BBD2B9}.Ad-Hoc|x86.Deploy.0 = Release|Any CPU
		{6BB44328-00E5-430B-9048-E4C2E1BBD2B9}.AppStore|Any CPU.ActiveCfg = Release|Any CPU
		{6BB44328-00E5-430B-9048-E4C2E1BBD2B9}.AppStore|Any CPU.Build.0 = Release|Any CPU
		{6BB44328-00E5-430B-9048-E4C2E1BBD2B9}.AppStore|Any CPU.Deploy.0 = Release|Any CPU
		{6BB44328-00E5-430B-9048-E4C2E1BBD2B9}.AppStore|ARM.ActiveCfg = Release|Any CPU
		{6BB44328-00E5-430B-9048-E4C2E1BBD2B9}.AppStore|ARM.Build.0 = Release|Any CPU
		{6BB44328-00E5-430B-9048-E4C2E1BBD2B9}.AppStore|ARM.Deploy.0 = Release|Any CPU
		{6BB44328-00E5-430B-9048-E4C2E1BBD2B9}.AppStore|iPhone.ActiveCfg = Release|Any CPU
		{6BB44328-00E5-430B-9048-E4C2E1BBD2B9}.AppStore|iPhone.Build.0 = Release|Any CPU
		{6BB44328-00E5-430B-9048-E4C2E1BBD2B9}.AppStore|iPhone.Deploy.0 = Release|Any CPU
		{6BB44328-00E5-430B-9048-E4C2E1BBD2B9}.AppStore|iPhoneSimulator.ActiveCfg = Release|Any CPU
		{6BB44328-00E5-430B-9048-E4C2E1BBD2B9}.AppStore|iPhoneSimulator.Build.0 = Release|Any CPU
		{6BB44328-00E5-430B-9048-E4C2E1BBD2B9}.AppStore|iPhoneSimulator.Deploy.0 = Release|Any CPU
		{6BB44328-00E5-430B-9048-E4C2E1BBD2B9}.AppStore|x64.ActiveCfg = Release|Any CPU
		{6BB44328-00E5-430B-9048-E4C2E1BBD2B9}.AppStore|x64.Build.0 = Release|Any CPU
		{6BB44328-00E5-430B-9048-E4C2E1BBD2B9}.AppStore|x64.Deploy.0 = Release|Any CPU
		{6BB44328-00E5-430B-9048-E4C2E1BBD2B9}.AppStore|x86.ActiveCfg = Release|Any CPU
		{6BB44328-00E5-430B-9048-E4C2E1BBD2B9}.AppStore|x86.Build.0 = Release|Any CPU
		{6BB44328-00E5-430B-9048-E4C2E1BBD2B9}.AppStore|x86.Deploy.0 = Release|Any CPU
		{6BB44328-00E5-430B-9048-E4C2E1BBD2B9}.Debug|Any CPU.ActiveCfg = Debug|Any CPU
		{6BB44328-00E5-430B-9048-E4C2E1BBD2B9}.Debug|Any CPU.Build.0 = Debug|Any CPU
		{6BB44328-00E5-430B-9048-E4C2E1BBD2B9}.Debug|Any CPU.Deploy.0 = Debug|Any CPU
		{6BB44328-00E5-430B-9048-E4C2E1BBD2B9}.Debug|ARM.ActiveCfg = Debug|Any CPU
		{6BB44328-00E5-430B-9048-E4C2E1BBD2B9}.Debug|ARM.Build.0 = Debug|Any CPU
		{6BB44328-00E5-430B-9048-E4C2E1BBD2B9}.Debug|ARM.Deploy.0 = Debug|Any CPU
		{6BB44328-00E5-430B-9048-E4C2E1BBD2B9}.Debug|iPhone.ActiveCfg = Debug|Any CPU
		{6BB44328-00E5-430B-9048-E4C2E1BBD2B9}.Debug|iPhone.Build.0 = Debug|Any CPU
		{6BB44328-00E5-430B-9048-E4C2E1BBD2B9}.Debug|iPhone.Deploy.0 = Debug|Any CPU
		{6BB44328-00E5-430B-9048-E4C2E1BBD2B9}.Debug|iPhoneSimulator.ActiveCfg = Debug|Any CPU
		{6BB44328-00E5-430B-9048-E4C2E1BBD2B9}.Debug|iPhoneSimulator.Build.0 = Debug|Any CPU
		{6BB44328-00E5-430B-9048-E4C2E1BBD2B9}.Debug|iPhoneSimulator.Deploy.0 = Debug|Any CPU
		{6BB44328-00E5-430B-9048-E4C2E1BBD2B9}.Debug|x64.ActiveCfg = Debug|Any CPU
		{6BB44328-00E5-430B-9048-E4C2E1BBD2B9}.Debug|x64.Build.0 = Debug|Any CPU
		{6BB44328-00E5-430B-9048-E4C2E1BBD2B9}.Debug|x64.Deploy.0 = Debug|Any CPU
		{6BB44328-00E5-430B-9048-E4C2E1BBD2B9}.Debug|x86.ActiveCfg = Debug|Any CPU
		{6BB44328-00E5-430B-9048-E4C2E1BBD2B9}.Debug|x86.Build.0 = Debug|Any CPU
		{6BB44328-00E5-430B-9048-E4C2E1BBD2B9}.Debug|x86.Deploy.0 = Debug|Any CPU
		{6BB44328-00E5-430B-9048-E4C2E1BBD2B9}.Release|Any CPU.ActiveCfg = Release|Any CPU
		{6BB44328-00E5-430B-9048-E4C2E1BBD2B9}.Release|Any CPU.Build.0 = Release|Any CPU
		{6BB44328-00E5-430B-9048-E4C2E1BBD2B9}.Release|Any CPU.Deploy.0 = Release|Any CPU
		{6BB44328-00E5-430B-9048-E4C2E1BBD2B9}.Release|ARM.ActiveCfg = Release|Any CPU
		{6BB44328-00E5-430B-9048-E4C2E1BBD2B9}.Release|ARM.Build.0 = Release|Any CPU
		{6BB44328-00E5-430B-9048-E4C2E1BBD2B9}.Release|ARM.Deploy.0 = Release|Any CPU
		{6BB44328-00E5-430B-9048-E4C2E1BBD2B9}.Release|iPhone.ActiveCfg = Release|Any CPU
		{6BB44328-00E5-430B-9048-E4C2E1BBD2B9}.Release|iPhone.Build.0 = Release|Any CPU
		{6BB44328-00E5-430B-9048-E4C2E1BBD2B9}.Release|iPhone.Deploy.0 = Release|Any CPU
		{6BB44328-00E5-430B-9048-E4C2E1BBD2B9}.Release|iPhoneSimulator.ActiveCfg = Release|Any CPU
		{6BB44328-00E5-430B-9048-E4C2E1BBD2B9}.Release|iPhoneSimulator.Build.0 = Release|Any CPU
		{6BB44328-00E5-430B-9048-E4C2E1BBD2B9}.Release|iPhoneSimulator.Deploy.0 = Release|Any CPU
		{6BB44328-00E5-430B-9048-E4C2E1BBD2B9}.Release|x64.ActiveCfg = Release|Any CPU
		{6BB44328-00E5-430B-9048-E4C2E1BBD2B9}.Release|x64.Build.0 = Release|Any CPU
		{6BB44328-00E5-430B-9048-E4C2E1BBD2B9}.Release|x64.Deploy.0 = Release|Any CPU
		{6BB44328-00E5-430B-9048-E4C2E1BBD2B9}.Release|x86.ActiveCfg = Release|Any CPU
		{6BB44328-00E5-430B-9048-E4C2E1BBD2B9}.Release|x86.Build.0 = Release|Any CPU
		{6BB44328-00E5-430B-9048-E4C2E1BBD2B9}.Release|x86.Deploy.0 = Release|Any CPU
		{ADE5BE45-7179-4D87-BCCC-9FAE588F371A}.Ad-Hoc|Any CPU.ActiveCfg = Ad-Hoc|iPhone
		{ADE5BE45-7179-4D87-BCCC-9FAE588F371A}.Ad-Hoc|ARM.ActiveCfg = Ad-Hoc|iPhone
		{ADE5BE45-7179-4D87-BCCC-9FAE588F371A}.Ad-Hoc|iPhone.ActiveCfg = Ad-Hoc|iPhone
		{ADE5BE45-7179-4D87-BCCC-9FAE588F371A}.Ad-Hoc|iPhone.Build.0 = Ad-Hoc|iPhone
		{ADE5BE45-7179-4D87-BCCC-9FAE588F371A}.Ad-Hoc|iPhoneSimulator.ActiveCfg = Ad-Hoc|iPhoneSimulator
		{ADE5BE45-7179-4D87-BCCC-9FAE588F371A}.Ad-Hoc|iPhoneSimulator.Build.0 = Ad-Hoc|iPhoneSimulator
		{ADE5BE45-7179-4D87-BCCC-9FAE588F371A}.Ad-Hoc|x64.ActiveCfg = Ad-Hoc|iPhone
		{ADE5BE45-7179-4D87-BCCC-9FAE588F371A}.Ad-Hoc|x86.ActiveCfg = Ad-Hoc|iPhone
		{ADE5BE45-7179-4D87-BCCC-9FAE588F371A}.AppStore|Any CPU.ActiveCfg = AppStore|iPhone
		{ADE5BE45-7179-4D87-BCCC-9FAE588F371A}.AppStore|ARM.ActiveCfg = AppStore|iPhone
		{ADE5BE45-7179-4D87-BCCC-9FAE588F371A}.AppStore|iPhone.ActiveCfg = AppStore|iPhone
		{ADE5BE45-7179-4D87-BCCC-9FAE588F371A}.AppStore|iPhone.Build.0 = AppStore|iPhone
		{ADE5BE45-7179-4D87-BCCC-9FAE588F371A}.AppStore|iPhoneSimulator.ActiveCfg = AppStore|iPhoneSimulator
		{ADE5BE45-7179-4D87-BCCC-9FAE588F371A}.AppStore|iPhoneSimulator.Build.0 = AppStore|iPhoneSimulator
		{ADE5BE45-7179-4D87-BCCC-9FAE588F371A}.AppStore|x64.ActiveCfg = AppStore|iPhone
		{ADE5BE45-7179-4D87-BCCC-9FAE588F371A}.AppStore|x86.ActiveCfg = AppStore|iPhone
		{ADE5BE45-7179-4D87-BCCC-9FAE588F371A}.Debug|Any CPU.ActiveCfg = Debug|iPhone
		{ADE5BE45-7179-4D87-BCCC-9FAE588F371A}.Debug|ARM.ActiveCfg = Debug|iPhone
		{ADE5BE45-7179-4D87-BCCC-9FAE588F371A}.Debug|iPhone.ActiveCfg = Debug|iPhone
		{ADE5BE45-7179-4D87-BCCC-9FAE588F371A}.Debug|iPhone.Build.0 = Debug|iPhone
		{ADE5BE45-7179-4D87-BCCC-9FAE588F371A}.Debug|iPhoneSimulator.ActiveCfg = Debug|iPhoneSimulator
		{ADE5BE45-7179-4D87-BCCC-9FAE588F371A}.Debug|iPhoneSimulator.Build.0 = Debug|iPhoneSimulator
		{ADE5BE45-7179-4D87-BCCC-9FAE588F371A}.Debug|x64.ActiveCfg = Debug|iPhone
		{ADE5BE45-7179-4D87-BCCC-9FAE588F371A}.Debug|x86.ActiveCfg = Debug|iPhone
		{ADE5BE45-7179-4D87-BCCC-9FAE588F371A}.Release|Any CPU.ActiveCfg = Release|iPhone
		{ADE5BE45-7179-4D87-BCCC-9FAE588F371A}.Release|ARM.ActiveCfg = Release|iPhone
		{ADE5BE45-7179-4D87-BCCC-9FAE588F371A}.Release|iPhone.ActiveCfg = Release|iPhone
		{ADE5BE45-7179-4D87-BCCC-9FAE588F371A}.Release|iPhone.Build.0 = Release|iPhone
		{ADE5BE45-7179-4D87-BCCC-9FAE588F371A}.Release|iPhoneSimulator.ActiveCfg = Release|iPhoneSimulator
		{ADE5BE45-7179-4D87-BCCC-9FAE588F371A}.Release|iPhoneSimulator.Build.0 = Release|iPhoneSimulator
		{ADE5BE45-7179-4D87-BCCC-9FAE588F371A}.Release|x64.ActiveCfg = Release|iPhone
		{ADE5BE45-7179-4D87-BCCC-9FAE588F371A}.Release|x86.ActiveCfg = Release|iPhone
		{C63C5247-D337-4525-A705-42366FA1A05D}.Ad-Hoc|Any CPU.ActiveCfg = Release|x86
		{C63C5247-D337-4525-A705-42366FA1A05D}.Ad-Hoc|Any CPU.Build.0 = Release|x86
		{C63C5247-D337-4525-A705-42366FA1A05D}.Ad-Hoc|Any CPU.Deploy.0 = Release|x86
		{C63C5247-D337-4525-A705-42366FA1A05D}.Ad-Hoc|ARM.ActiveCfg = Release|ARM
		{C63C5247-D337-4525-A705-42366FA1A05D}.Ad-Hoc|ARM.Build.0 = Release|ARM
		{C63C5247-D337-4525-A705-42366FA1A05D}.Ad-Hoc|ARM.Deploy.0 = Release|ARM
		{C63C5247-D337-4525-A705-42366FA1A05D}.Ad-Hoc|iPhone.ActiveCfg = Release|x86
		{C63C5247-D337-4525-A705-42366FA1A05D}.Ad-Hoc|iPhone.Build.0 = Release|x86
		{C63C5247-D337-4525-A705-42366FA1A05D}.Ad-Hoc|iPhone.Deploy.0 = Release|x86
		{C63C5247-D337-4525-A705-42366FA1A05D}.Ad-Hoc|iPhoneSimulator.ActiveCfg = Release|x86
		{C63C5247-D337-4525-A705-42366FA1A05D}.Ad-Hoc|iPhoneSimulator.Build.0 = Release|x86
		{C63C5247-D337-4525-A705-42366FA1A05D}.Ad-Hoc|iPhoneSimulator.Deploy.0 = Release|x86
		{C63C5247-D337-4525-A705-42366FA1A05D}.Ad-Hoc|x64.ActiveCfg = Release|x64
		{C63C5247-D337-4525-A705-42366FA1A05D}.Ad-Hoc|x64.Build.0 = Release|x64
		{C63C5247-D337-4525-A705-42366FA1A05D}.Ad-Hoc|x64.Deploy.0 = Release|x64
		{C63C5247-D337-4525-A705-42366FA1A05D}.Ad-Hoc|x86.ActiveCfg = Release|x86
		{C63C5247-D337-4525-A705-42366FA1A05D}.Ad-Hoc|x86.Build.0 = Release|x86
		{C63C5247-D337-4525-A705-42366FA1A05D}.Ad-Hoc|x86.Deploy.0 = Release|x86
		{C63C5247-D337-4525-A705-42366FA1A05D}.AppStore|Any CPU.ActiveCfg = Release|x86
		{C63C5247-D337-4525-A705-42366FA1A05D}.AppStore|Any CPU.Build.0 = Release|x86
		{C63C5247-D337-4525-A705-42366FA1A05D}.AppStore|Any CPU.Deploy.0 = Release|x86
		{C63C5247-D337-4525-A705-42366FA1A05D}.AppStore|ARM.ActiveCfg = Release|ARM
		{C63C5247-D337-4525-A705-42366FA1A05D}.AppStore|ARM.Build.0 = Release|ARM
		{C63C5247-D337-4525-A705-42366FA1A05D}.AppStore|ARM.Deploy.0 = Release|ARM
		{C63C5247-D337-4525-A705-42366FA1A05D}.AppStore|iPhone.ActiveCfg = Release|x86
		{C63C5247-D337-4525-A705-42366FA1A05D}.AppStore|iPhone.Build.0 = Release|x86
		{C63C5247-D337-4525-A705-42366FA1A05D}.AppStore|iPhone.Deploy.0 = Release|x86
		{C63C5247-D337-4525-A705-42366FA1A05D}.AppStore|iPhoneSimulator.ActiveCfg = Release|x86
		{C63C5247-D337-4525-A705-42366FA1A05D}.AppStore|iPhoneSimulator.Build.0 = Release|x86
		{C63C5247-D337-4525-A705-42366FA1A05D}.AppStore|iPhoneSimulator.Deploy.0 = Release|x86
		{C63C5247-D337-4525-A705-42366FA1A05D}.AppStore|x64.ActiveCfg = Release|x64
		{C63C5247-D337-4525-A705-42366FA1A05D}.AppStore|x64.Build.0 = Release|x64
		{C63C5247-D337-4525-A705-42366FA1A05D}.AppStore|x64.Deploy.0 = Release|x64
		{C63C5247-D337-4525-A705-42366FA1A05D}.AppStore|x86.ActiveCfg = Release|x86
		{C63C5247-D337-4525-A705-42366FA1A05D}.AppStore|x86.Build.0 = Release|x86
		{C63C5247-D337-4525-A705-42366FA1A05D}.AppStore|x86.Deploy.0 = Release|x86
		{C63C5247-D337-4525-A705-42366FA1A05D}.Debug|Any CPU.ActiveCfg = Debug|x86
		{C63C5247-D337-4525-A705-42366FA1A05D}.Debug|Any CPU.Build.0 = Debug|x86
		{C63C5247-D337-4525-A705-42366FA1A05D}.Debug|Any CPU.Deploy.0 = Debug|x86
		{C63C5247-D337-4525-A705-42366FA1A05D}.Debug|ARM.ActiveCfg = Debug|ARM
		{C63C5247-D337-4525-A705-42366FA1A05D}.Debug|ARM.Build.0 = Debug|ARM
		{C63C5247-D337-4525-A705-42366FA1A05D}.Debug|ARM.Deploy.0 = Debug|ARM
		{C63C5247-D337-4525-A705-42366FA1A05D}.Debug|iPhone.ActiveCfg = Debug|x86
		{C63C5247-D337-4525-A705-42366FA1A05D}.Debug|iPhoneSimulator.ActiveCfg = Debug|x86
		{C63C5247-D337-4525-A705-42366FA1A05D}.Debug|x64.ActiveCfg = Debug|x64
		{C63C5247-D337-4525-A705-42366FA1A05D}.Debug|x64.Build.0 = Debug|x64
		{C63C5247-D337-4525-A705-42366FA1A05D}.Debug|x64.Deploy.0 = Debug|x64
		{C63C5247-D337-4525-A705-42366FA1A05D}.Debug|x86.ActiveCfg = Debug|x86
		{C63C5247-D337-4525-A705-42366FA1A05D}.Debug|x86.Build.0 = Debug|x86
		{C63C5247-D337-4525-A705-42366FA1A05D}.Debug|x86.Deploy.0 = Debug|x86
		{C63C5247-D337-4525-A705-42366FA1A05D}.Release|Any CPU.ActiveCfg = Release|x86
		{C63C5247-D337-4525-A705-42366FA1A05D}.Release|ARM.ActiveCfg = Release|ARM
		{C63C5247-D337-4525-A705-42366FA1A05D}.Release|ARM.Build.0 = Release|ARM
		{C63C5247-D337-4525-A705-42366FA1A05D}.Release|ARM.Deploy.0 = Release|ARM
		{C63C5247-D337-4525-A705-42366FA1A05D}.Release|iPhone.ActiveCfg = Release|x86
		{C63C5247-D337-4525-A705-42366FA1A05D}.Release|iPhoneSimulator.ActiveCfg = Release|x86
		{C63C5247-D337-4525-A705-42366FA1A05D}.Release|x64.ActiveCfg = Release|x64
		{C63C5247-D337-4525-A705-42366FA1A05D}.Release|x64.Build.0 = Release|x64
		{C63C5247-D337-4525-A705-42366FA1A05D}.Release|x64.Deploy.0 = Release|x64
		{C63C5247-D337-4525-A705-42366FA1A05D}.Release|x86.ActiveCfg = Release|x86
		{C63C5247-D337-4525-A705-42366FA1A05D}.Release|x86.Build.0 = Release|x86
		{C63C5247-D337-4525-A705-42366FA1A05D}.Release|x86.Deploy.0 = Release|x86
	EndGlobalSection
	GlobalSection(SolutionProperties) = preSolution
		HideSolutionNode = FALSE
	EndGlobalSection
EndGlobal
